// !$*UTF8*$!
{
	archiveVersion = 1;
	classes = {
	};
	objectVersion = 46;
	objects = {

/* Begin PBXBuildFile section */
		D498272E185FA78100807C24 /* Foundation.framework in Frameworks */ = {isa = PBXBuildFile; fileRef = D498272D185FA78100807C24 /* Foundation.framework */; };
		D4982730185FA78100807C24 /* CoreGraphics.framework in Frameworks */ = {isa = PBXBuildFile; fileRef = D498272F185FA78100807C24 /* CoreGraphics.framework */; };
		D4982732185FA78100807C24 /* UIKit.framework in Frameworks */ = {isa = PBXBuildFile; fileRef = D4982731185FA78100807C24 /* UIKit.framework */; };
		D4982738185FA78100807C24 /* InfoPlist.strings in Resources */ = {isa = PBXBuildFile; fileRef = D4982736185FA78100807C24 /* InfoPlist.strings */; };
		D498273A185FA78100807C24 /* main.m in Sources */ = {isa = PBXBuildFile; fileRef = D4982739185FA78100807C24 /* main.m */; };
		D498273E185FA78100807C24 /* AppDelegate.m in Sources */ = {isa = PBXBuildFile; fileRef = D498273D185FA78100807C24 /* AppDelegate.m */; };
		D4982740185FA78100807C24 /* Images.xcassets in Resources */ = {isa = PBXBuildFile; fileRef = D498273F185FA78100807C24 /* Images.xcassets */; };
		D4982747185FA78100807C24 /* XCTest.framework in Frameworks */ = {isa = PBXBuildFile; fileRef = D4982746185FA78100807C24 /* XCTest.framework */; };
		D4982748185FA78100807C24 /* Foundation.framework in Frameworks */ = {isa = PBXBuildFile; fileRef = D498272D185FA78100807C24 /* Foundation.framework */; };
		D4982749185FA78100807C24 /* UIKit.framework in Frameworks */ = {isa = PBXBuildFile; fileRef = D4982731185FA78100807C24 /* UIKit.framework */; };
		D4982751185FA78100807C24 /* InfoPlist.strings in Resources */ = {isa = PBXBuildFile; fileRef = D498274F185FA78100807C24 /* InfoPlist.strings */; };
		D4982753185FA78100807C24 /* AvaTax_CalcTests.m in Sources */ = {isa = PBXBuildFile; fileRef = D4982752185FA78100807C24 /* AvaTax_CalcTests.m */; };
		D4982762185FC07A00807C24 /* Foundation.framework in Frameworks */ = {isa = PBXBuildFile; fileRef = D498272D185FA78100807C24 /* Foundation.framework */; };
		D4982767185FC07A00807C24 /* AvaTax_Calc_SDK.h in CopyFiles */ = {isa = PBXBuildFile; fileRef = D4982766185FC07A00807C24 /* AvaTax_Calc_SDK.h */; };
		D4982769185FC07A00807C24 /* AvaTax_Calc_SDK.m in Sources */ = {isa = PBXBuildFile; fileRef = D4982768185FC07A00807C24 /* AvaTax_Calc_SDK.m */; };
		D498276F185FC07A00807C24 /* XCTest.framework in Frameworks */ = {isa = PBXBuildFile; fileRef = D4982746185FA78100807C24 /* XCTest.framework */; };
		D4982770185FC07A00807C24 /* Foundation.framework in Frameworks */ = {isa = PBXBuildFile; fileRef = D498272D185FA78100807C24 /* Foundation.framework */; };
		D4982771185FC07A00807C24 /* UIKit.framework in Frameworks */ = {isa = PBXBuildFile; fileRef = D4982731185FA78100807C24 /* UIKit.framework */; };
		D4982774185FC07A00807C24 /* libAvaTax-Calc-SDK.a in Frameworks */ = {isa = PBXBuildFile; fileRef = D4982761185FC07A00807C24 /* libAvaTax-Calc-SDK.a */; };
		D498277A185FC07A00807C24 /* InfoPlist.strings in Resources */ = {isa = PBXBuildFile; fileRef = D4982778185FC07A00807C24 /* InfoPlist.strings */; };
		D498277C185FC07A00807C24 /* AvaTax_Calc_SDKTests.m in Sources */ = {isa = PBXBuildFile; fileRef = D498277B185FC07A00807C24 /* AvaTax_Calc_SDKTests.m */; };
		D4982785185FC11500807C24 /* SampleGetTaxCall.m in Sources */ = {isa = PBXBuildFile; fileRef = D4982784185FC11500807C24 /* SampleGetTaxCall.m */; };
		D49827A418622F8F00807C24 /* AvaTaxCalc.m in Sources */ = {isa = PBXBuildFile; fileRef = D49827A218622F8B00807C24 /* AvaTaxCalc.m */; };
		D49827A81862333500807C24 /* ATWebCall.m in Sources */ = {isa = PBXBuildFile; fileRef = D49827A71862333500807C24 /* ATWebCall.m */; };
		D49827A918623AAA00807C24 /* libAvaTax-Calc-SDK.a in Frameworks */ = {isa = PBXBuildFile; fileRef = D4982761185FC07A00807C24 /* libAvaTax-Calc-SDK.a */; };
		D49827AA18623AC100807C24 /* RBTBase64.m in Sources */ = {isa = PBXBuildFile; fileRef = D498279F185FC65900807C24 /* RBTBase64.m */; };
		D4C425BB1877475A0030EF00 /* GetTaxRequestBody.m in Sources */ = {isa = PBXBuildFile; fileRef = D4C425BA1877475A0030EF00 /* GetTaxRequestBody.m */; };
		D4C425D6187747C50030EF00 /* JSONModel.m in Sources */ = {isa = PBXBuildFile; fileRef = D4C425BF187747C50030EF00 /* JSONModel.m */; };
		D4C425D7187747C50030EF00 /* JSONModelArray.m in Sources */ = {isa = PBXBuildFile; fileRef = D4C425C1187747C50030EF00 /* JSONModelArray.m */; };
		D4C425D8187747C50030EF00 /* JSONModelClassProperty.m in Sources */ = {isa = PBXBuildFile; fileRef = D4C425C3187747C50030EF00 /* JSONModelClassProperty.m */; };
		D4C425D9187747C50030EF00 /* JSONModelError.m in Sources */ = {isa = PBXBuildFile; fileRef = D4C425C5187747C50030EF00 /* JSONModelError.m */; };
		D4C425DA187747C50030EF00 /* NSArray+JSONModel.m in Sources */ = {isa = PBXBuildFile; fileRef = D4C425C8187747C50030EF00 /* NSArray+JSONModel.m */; };
		D4C425DB187747C50030EF00 /* JSONAPI.m in Sources */ = {isa = PBXBuildFile; fileRef = D4C425CC187747C50030EF00 /* JSONAPI.m */; };
		D4C425DC187747C50030EF00 /* JSONHTTPClient.m in Sources */ = {isa = PBXBuildFile; fileRef = D4C425CE187747C50030EF00 /* JSONHTTPClient.m */; };
		D4C425DD187747C50030EF00 /* JSONModel+networking.m in Sources */ = {isa = PBXBuildFile; fileRef = D4C425D0187747C50030EF00 /* JSONModel+networking.m */; };
		D4C425DE187747C50030EF00 /* JSONKeyMapper.m in Sources */ = {isa = PBXBuildFile; fileRef = D4C425D3187747C50030EF00 /* JSONKeyMapper.m */; };
		D4C425DF187747C50030EF00 /* JSONValueTransformer.m in Sources */ = {isa = PBXBuildFile; fileRef = D4C425D5187747C50030EF00 /* JSONValueTransformer.m */; };
		D4C425E2187748B80030EF00 /* SystemConfiguration.framework in Frameworks */ = {isa = PBXBuildFile; fileRef = D4C425E0187748B10030EF00 /* SystemConfiguration.framework */; };
/* End PBXBuildFile section */

/* Begin PBXContainerItemProxy section */
		D498274A185FA78100807C24 /* PBXContainerItemProxy */ = {
			isa = PBXContainerItemProxy;
			containerPortal = D4982722185FA78100807C24 /* Project object */;
			proxyType = 1;
			remoteGlobalIDString = D4982729185FA78100807C24;
			remoteInfo = "AvaTax-Calc";
		};
		D4982772185FC07A00807C24 /* PBXContainerItemProxy */ = {
			isa = PBXContainerItemProxy;
			containerPortal = D4982722185FA78100807C24 /* Project object */;
			proxyType = 1;
			remoteGlobalIDString = D4982760185FC07A00807C24;
			remoteInfo = "AvaTax-Calc-SDK";
		};
/* End PBXContainerItemProxy section */

/* Begin PBXCopyFilesBuildPhase section */
		D498275F185FC07A00807C24 /* CopyFiles */ = {
			isa = PBXCopyFilesBuildPhase;
			buildActionMask = 2147483647;
			dstPath = "include/$(PRODUCT_NAME)";
			dstSubfolderSpec = 16;
			files = (
				D4982767185FC07A00807C24 /* AvaTax_Calc_SDK.h in CopyFiles */,
			);
			runOnlyForDeploymentPostprocessing = 0;
		};
/* End PBXCopyFilesBuildPhase section */

/* Begin PBXFileReference section */
		D498272A185FA78100807C24 /* AvaTax-Calc.app */ = {isa = PBXFileReference; explicitFileType = wrapper.application; includeInIndex = 0; path = "AvaTax-Calc.app"; sourceTree = BUILT_PRODUCTS_DIR; };
		D498272D185FA78100807C24 /* Foundation.framework */ = {isa = PBXFileReference; lastKnownFileType = wrapper.framework; name = Foundation.framework; path = System/Library/Frameworks/Foundation.framework; sourceTree = SDKROOT; };
		D498272F185FA78100807C24 /* CoreGraphics.framework */ = {isa = PBXFileReference; lastKnownFileType = wrapper.framework; name = CoreGraphics.framework; path = System/Library/Frameworks/CoreGraphics.framework; sourceTree = SDKROOT; };
		D4982731185FA78100807C24 /* UIKit.framework */ = {isa = PBXFileReference; lastKnownFileType = wrapper.framework; name = UIKit.framework; path = System/Library/Frameworks/UIKit.framework; sourceTree = SDKROOT; };
		D4982735185FA78100807C24 /* AvaTax-Calc-Info.plist */ = {isa = PBXFileReference; lastKnownFileType = text.plist.xml; path = "AvaTax-Calc-Info.plist"; sourceTree = "<group>"; };
		D4982737185FA78100807C24 /* en */ = {isa = PBXFileReference; lastKnownFileType = text.plist.strings; name = en; path = en.lproj/InfoPlist.strings; sourceTree = "<group>"; };
		D4982739185FA78100807C24 /* main.m */ = {isa = PBXFileReference; lastKnownFileType = sourcecode.c.objc; path = main.m; sourceTree = "<group>"; };
		D498273B185FA78100807C24 /* AvaTax-Calc-Prefix.pch */ = {isa = PBXFileReference; lastKnownFileType = sourcecode.c.h; path = "AvaTax-Calc-Prefix.pch"; sourceTree = "<group>"; };
		D498273C185FA78100807C24 /* AppDelegate.h */ = {isa = PBXFileReference; lastKnownFileType = sourcecode.c.h; path = AppDelegate.h; sourceTree = "<group>"; };
		D498273D185FA78100807C24 /* AppDelegate.m */ = {isa = PBXFileReference; lastKnownFileType = sourcecode.c.objc; path = AppDelegate.m; sourceTree = "<group>"; };
		D498273F185FA78100807C24 /* Images.xcassets */ = {isa = PBXFileReference; lastKnownFileType = folder.assetcatalog; path = Images.xcassets; sourceTree = "<group>"; };
		D4982745185FA78100807C24 /* AvaTax-CalcTests.xctest */ = {isa = PBXFileReference; explicitFileType = wrapper.cfbundle; includeInIndex = 0; path = "AvaTax-CalcTests.xctest"; sourceTree = BUILT_PRODUCTS_DIR; };
		D4982746185FA78100807C24 /* XCTest.framework */ = {isa = PBXFileReference; lastKnownFileType = wrapper.framework; name = XCTest.framework; path = Library/Frameworks/XCTest.framework; sourceTree = DEVELOPER_DIR; };
		D498274E185FA78100807C24 /* AvaTax-CalcTests-Info.plist */ = {isa = PBXFileReference; lastKnownFileType = text.plist.xml; path = "AvaTax-CalcTests-Info.plist"; sourceTree = "<group>"; };
		D4982750185FA78100807C24 /* en */ = {isa = PBXFileReference; lastKnownFileType = text.plist.strings; name = en; path = en.lproj/InfoPlist.strings; sourceTree = "<group>"; };
		D4982752185FA78100807C24 /* AvaTax_CalcTests.m */ = {isa = PBXFileReference; lastKnownFileType = sourcecode.c.objc; path = AvaTax_CalcTests.m; sourceTree = "<group>"; };
		D4982761185FC07A00807C24 /* libAvaTax-Calc-SDK.a */ = {isa = PBXFileReference; explicitFileType = archive.ar; includeInIndex = 0; path = "libAvaTax-Calc-SDK.a"; sourceTree = BUILT_PRODUCTS_DIR; };
		D4982765185FC07A00807C24 /* AvaTax-Calc-SDK-Prefix.pch */ = {isa = PBXFileReference; lastKnownFileType = sourcecode.c.h; path = "AvaTax-Calc-SDK-Prefix.pch"; sourceTree = "<group>"; };
		D4982766185FC07A00807C24 /* AvaTax_Calc_SDK.h */ = {isa = PBXFileReference; lastKnownFileType = sourcecode.c.h; path = AvaTax_Calc_SDK.h; sourceTree = "<group>"; };
		D4982768185FC07A00807C24 /* AvaTax_Calc_SDK.m */ = {isa = PBXFileReference; lastKnownFileType = sourcecode.c.objc; path = AvaTax_Calc_SDK.m; sourceTree = "<group>"; };
		D498276E185FC07A00807C24 /* AvaTax-Calc-SDKTests.xctest */ = {isa = PBXFileReference; explicitFileType = wrapper.cfbundle; includeInIndex = 0; path = "AvaTax-Calc-SDKTests.xctest"; sourceTree = BUILT_PRODUCTS_DIR; };
		D4982777185FC07A00807C24 /* AvaTax-Calc-SDKTests-Info.plist */ = {isa = PBXFileReference; lastKnownFileType = text.plist.xml; path = "AvaTax-Calc-SDKTests-Info.plist"; sourceTree = "<group>"; };
		D4982779185FC07A00807C24 /* en */ = {isa = PBXFileReference; lastKnownFileType = text.plist.strings; name = en; path = en.lproj/InfoPlist.strings; sourceTree = "<group>"; };
		D498277B185FC07A00807C24 /* AvaTax_Calc_SDKTests.m */ = {isa = PBXFileReference; lastKnownFileType = sourcecode.c.objc; path = AvaTax_Calc_SDKTests.m; sourceTree = "<group>"; };
		D4982783185FC11500807C24 /* SampleGetTaxCall.h */ = {isa = PBXFileReference; fileEncoding = 4; lastKnownFileType = sourcecode.c.h; path = SampleGetTaxCall.h; sourceTree = "<group>"; };
		D4982784185FC11500807C24 /* SampleGetTaxCall.m */ = {isa = PBXFileReference; fileEncoding = 4; lastKnownFileType = sourcecode.c.objc; path = SampleGetTaxCall.m; sourceTree = "<group>"; };
		D498279E185FC65900807C24 /* RBTBase64.h */ = {isa = PBXFileReference; fileEncoding = 4; lastKnownFileType = sourcecode.c.h; name = RBTBase64.h; path = "../AvaTax-Calc/RBTBase64.h"; sourceTree = "<group>"; };
		D498279F185FC65900807C24 /* RBTBase64.m */ = {isa = PBXFileReference; fileEncoding = 4; lastKnownFileType = sourcecode.c.objc; name = RBTBase64.m; path = "../AvaTax-Calc/RBTBase64.m"; sourceTree = "<group>"; };
		D49827A118622F8B00807C24 /* AvaTaxCalc.h */ = {isa = PBXFileReference; fileEncoding = 4; lastKnownFileType = sourcecode.c.h; name = AvaTaxCalc.h; path = "../AvaTax-Calc/AvaTaxCalc.h"; sourceTree = "<group>"; };
		D49827A218622F8B00807C24 /* AvaTaxCalc.m */ = {isa = PBXFileReference; fileEncoding = 4; lastKnownFileType = sourcecode.c.objc; name = AvaTaxCalc.m; path = "../AvaTax-Calc/AvaTaxCalc.m"; sourceTree = "<group>"; };
		D49827A61862333500807C24 /* ATWebCall.h */ = {isa = PBXFileReference; fileEncoding = 4; lastKnownFileType = sourcecode.c.h; path = ATWebCall.h; sourceTree = "<group>"; };
		D49827A71862333500807C24 /* ATWebCall.m */ = {isa = PBXFileReference; fileEncoding = 4; lastKnownFileType = sourcecode.c.objc; path = ATWebCall.m; sourceTree = "<group>"; };
		D49827AB18626B6F00807C24 /* GHUnitIOS.framework */ = {isa = PBXFileReference; lastKnownFileType = wrapper.framework; name = GHUnitIOS.framework; path = "../third_party/gh-unit-framework/GHUnitIOS.framework"; sourceTree = "<group>"; };
		D4C425B91877475A0030EF00 /* GetTaxRequestBody.h */ = {isa = PBXFileReference; fileEncoding = 4; lastKnownFileType = sourcecode.c.h; path = GetTaxRequestBody.h; sourceTree = "<group>"; };
		D4C425BA1877475A0030EF00 /* GetTaxRequestBody.m */ = {isa = PBXFileReference; fileEncoding = 4; lastKnownFileType = sourcecode.c.objc; path = GetTaxRequestBody.m; sourceTree = "<group>"; };
		D4C425BE187747C50030EF00 /* JSONModel.h */ = {isa = PBXFileReference; fileEncoding = 4; lastKnownFileType = sourcecode.c.h; path = JSONModel.h; sourceTree = "<group>"; };
		D4C425BF187747C50030EF00 /* JSONModel.m */ = {isa = PBXFileReference; fileEncoding = 4; lastKnownFileType = sourcecode.c.objc; path = JSONModel.m; sourceTree = "<group>"; };
		D4C425C0187747C50030EF00 /* JSONModelArray.h */ = {isa = PBXFileReference; fileEncoding = 4; lastKnownFileType = sourcecode.c.h; path = JSONModelArray.h; sourceTree = "<group>"; };
		D4C425C1187747C50030EF00 /* JSONModelArray.m */ = {isa = PBXFileReference; fileEncoding = 4; lastKnownFileType = sourcecode.c.objc; path = JSONModelArray.m; sourceTree = "<group>"; };
		D4C425C2187747C50030EF00 /* JSONModelClassProperty.h */ = {isa = PBXFileReference; fileEncoding = 4; lastKnownFileType = sourcecode.c.h; path = JSONModelClassProperty.h; sourceTree = "<group>"; };
		D4C425C3187747C50030EF00 /* JSONModelClassProperty.m */ = {isa = PBXFileReference; fileEncoding = 4; lastKnownFileType = sourcecode.c.objc; path = JSONModelClassProperty.m; sourceTree = "<group>"; };
		D4C425C4187747C50030EF00 /* JSONModelError.h */ = {isa = PBXFileReference; fileEncoding = 4; lastKnownFileType = sourcecode.c.h; path = JSONModelError.h; sourceTree = "<group>"; };
		D4C425C5187747C50030EF00 /* JSONModelError.m */ = {isa = PBXFileReference; fileEncoding = 4; lastKnownFileType = sourcecode.c.objc; path = JSONModelError.m; sourceTree = "<group>"; };
		D4C425C7187747C50030EF00 /* NSArray+JSONModel.h */ = {isa = PBXFileReference; fileEncoding = 4; lastKnownFileType = sourcecode.c.h; path = "NSArray+JSONModel.h"; sourceTree = "<group>"; };
		D4C425C8187747C50030EF00 /* NSArray+JSONModel.m */ = {isa = PBXFileReference; fileEncoding = 4; lastKnownFileType = sourcecode.c.objc; path = "NSArray+JSONModel.m"; sourceTree = "<group>"; };
		D4C425C9187747C50030EF00 /* JSONModelLib.h */ = {isa = PBXFileReference; fileEncoding = 4; lastKnownFileType = sourcecode.c.h; path = JSONModelLib.h; sourceTree = "<group>"; };
		D4C425CB187747C50030EF00 /* JSONAPI.h */ = {isa = PBXFileReference; fileEncoding = 4; lastKnownFileType = sourcecode.c.h; path = JSONAPI.h; sourceTree = "<group>"; };
		D4C425CC187747C50030EF00 /* JSONAPI.m */ = {isa = PBXFileReference; fileEncoding = 4; lastKnownFileType = sourcecode.c.objc; path = JSONAPI.m; sourceTree = "<group>"; };
		D4C425CD187747C50030EF00 /* JSONHTTPClient.h */ = {isa = PBXFileReference; fileEncoding = 4; lastKnownFileType = sourcecode.c.h; path = JSONHTTPClient.h; sourceTree = "<group>"; };
		D4C425CE187747C50030EF00 /* JSONHTTPClient.m */ = {isa = PBXFileReference; fileEncoding = 4; lastKnownFileType = sourcecode.c.objc; path = JSONHTTPClient.m; sourceTree = "<group>"; };
		D4C425CF187747C50030EF00 /* JSONModel+networking.h */ = {isa = PBXFileReference; fileEncoding = 4; lastKnownFileType = sourcecode.c.h; path = "JSONModel+networking.h"; sourceTree = "<group>"; };
		D4C425D0187747C50030EF00 /* JSONModel+networking.m */ = {isa = PBXFileReference; fileEncoding = 4; lastKnownFileType = sourcecode.c.objc; path = "JSONModel+networking.m"; sourceTree = "<group>"; };
		D4C425D2187747C50030EF00 /* JSONKeyMapper.h */ = {isa = PBXFileReference; fileEncoding = 4; lastKnownFileType = sourcecode.c.h; path = JSONKeyMapper.h; sourceTree = "<group>"; };
		D4C425D3187747C50030EF00 /* JSONKeyMapper.m */ = {isa = PBXFileReference; fileEncoding = 4; lastKnownFileType = sourcecode.c.objc; path = JSONKeyMapper.m; sourceTree = "<group>"; };
		D4C425D4187747C50030EF00 /* JSONValueTransformer.h */ = {isa = PBXFileReference; fileEncoding = 4; lastKnownFileType = sourcecode.c.h; path = JSONValueTransformer.h; sourceTree = "<group>"; };
		D4C425D5187747C50030EF00 /* JSONValueTransformer.m */ = {isa = PBXFileReference; fileEncoding = 4; lastKnownFileType = sourcecode.c.objc; path = JSONValueTransformer.m; sourceTree = "<group>"; };
		D4C425E0187748B10030EF00 /* SystemConfiguration.framework */ = {isa = PBXFileReference; lastKnownFileType = wrapper.framework; name = SystemConfiguration.framework; path = System/Library/Frameworks/SystemConfiguration.framework; sourceTree = SDKROOT; };
/* End PBXFileReference section */

/* Begin PBXFrameworksBuildPhase section */
		D4982727185FA78100807C24 /* Frameworks */ = {
			isa = PBXFrameworksBuildPhase;
			buildActionMask = 2147483647;
			files = (
				D49827A918623AAA00807C24 /* libAvaTax-Calc-SDK.a in Frameworks */,
				D4982730185FA78100807C24 /* CoreGraphics.framework in Frameworks */,
				D4982732185FA78100807C24 /* UIKit.framework in Frameworks */,
				D498272E185FA78100807C24 /* Foundation.framework in Frameworks */,
			);
			runOnlyForDeploymentPostprocessing = 0;
		};
		D4982742185FA78100807C24 /* Frameworks */ = {
			isa = PBXFrameworksBuildPhase;
			buildActionMask = 2147483647;
			files = (
				D4982747185FA78100807C24 /* XCTest.framework in Frameworks */,
				D4982749185FA78100807C24 /* UIKit.framework in Frameworks */,
				D4982748185FA78100807C24 /* Foundation.framework in Frameworks */,
			);
			runOnlyForDeploymentPostprocessing = 0;
		};
		D498275E185FC07A00807C24 /* Frameworks */ = {
			isa = PBXFrameworksBuildPhase;
			buildActionMask = 2147483647;
			files = (
				D4C425E2187748B80030EF00 /* SystemConfiguration.framework in Frameworks */,
				D4982762185FC07A00807C24 /* Foundation.framework in Frameworks */,
			);
			runOnlyForDeploymentPostprocessing = 0;
		};
		D498276B185FC07A00807C24 /* Frameworks */ = {
			isa = PBXFrameworksBuildPhase;
			buildActionMask = 2147483647;
			files = (
				D498276F185FC07A00807C24 /* XCTest.framework in Frameworks */,
				D4982771185FC07A00807C24 /* UIKit.framework in Frameworks */,
				D4982774185FC07A00807C24 /* libAvaTax-Calc-SDK.a in Frameworks */,
				D4982770185FC07A00807C24 /* Foundation.framework in Frameworks */,
			);
			runOnlyForDeploymentPostprocessing = 0;
		};
/* End PBXFrameworksBuildPhase section */

/* Begin PBXGroup section */
		D4982721185FA78100807C24 = {
			isa = PBXGroup;
			children = (
				D4C425BC187747C50030EF00 /* JSONModel */,
				D4982733185FA78100807C24 /* AvaTax-Calc */,
				D498274C185FA78100807C24 /* AvaTax-CalcTests */,
				D4982763185FC07A00807C24 /* AvaTax-Calc-SDK */,
				D4982775185FC07A00807C24 /* AvaTax-Calc-SDKTests */,
				D498272C185FA78100807C24 /* Frameworks */,
				D498272B185FA78100807C24 /* Products */,
			);
			sourceTree = "<group>";
		};
		D498272B185FA78100807C24 /* Products */ = {
			isa = PBXGroup;
			children = (
				D498272A185FA78100807C24 /* AvaTax-Calc.app */,
				D4982745185FA78100807C24 /* AvaTax-CalcTests.xctest */,
				D4982761185FC07A00807C24 /* libAvaTax-Calc-SDK.a */,
				D498276E185FC07A00807C24 /* AvaTax-Calc-SDKTests.xctest */,
			);
			name = Products;
			sourceTree = "<group>";
		};
		D498272C185FA78100807C24 /* Frameworks */ = {
			isa = PBXGroup;
			children = (
				D4C425E0187748B10030EF00 /* SystemConfiguration.framework */,
				D49827AB18626B6F00807C24 /* GHUnitIOS.framework */,
				D498272D185FA78100807C24 /* Foundation.framework */,
				D498272F185FA78100807C24 /* CoreGraphics.framework */,
				D4982731185FA78100807C24 /* UIKit.framework */,
				D4982746185FA78100807C24 /* XCTest.framework */,
			);
			name = Frameworks;
			sourceTree = "<group>";
		};
		D4982733185FA78100807C24 /* AvaTax-Calc */ = {
			isa = PBXGroup;
			children = (
				D498273C185FA78100807C24 /* AppDelegate.h */,
				D498273D185FA78100807C24 /* AppDelegate.m */,
				D498273F185FA78100807C24 /* Images.xcassets */,
				D4982734185FA78100807C24 /* Supporting Files */,
				D4982783185FC11500807C24 /* SampleGetTaxCall.h */,
				D4982784185FC11500807C24 /* SampleGetTaxCall.m */,
			);
			path = "AvaTax-Calc";
			sourceTree = "<group>";
		};
		D4982734185FA78100807C24 /* Supporting Files */ = {
			isa = PBXGroup;
			children = (
				D4982735185FA78100807C24 /* AvaTax-Calc-Info.plist */,
				D4982736185FA78100807C24 /* InfoPlist.strings */,
				D4982739185FA78100807C24 /* main.m */,
				D498273B185FA78100807C24 /* AvaTax-Calc-Prefix.pch */,
			);
			name = "Supporting Files";
			sourceTree = "<group>";
		};
		D498274C185FA78100807C24 /* AvaTax-CalcTests */ = {
			isa = PBXGroup;
			children = (
				D4982752185FA78100807C24 /* AvaTax_CalcTests.m */,
				D498274D185FA78100807C24 /* Supporting Files */,
			);
			path = "AvaTax-CalcTests";
			sourceTree = "<group>";
		};
		D498274D185FA78100807C24 /* Supporting Files */ = {
			isa = PBXGroup;
			children = (
				D498274E185FA78100807C24 /* AvaTax-CalcTests-Info.plist */,
				D498274F185FA78100807C24 /* InfoPlist.strings */,
			);
			name = "Supporting Files";
			sourceTree = "<group>";
		};
		D4982763185FC07A00807C24 /* AvaTax-Calc-SDK */ = {
			isa = PBXGroup;
			children = (
				D49827A118622F8B00807C24 /* AvaTaxCalc.h */,
				D49827A218622F8B00807C24 /* AvaTaxCalc.m */,
				D498279E185FC65900807C24 /* RBTBase64.h */,
				D498279F185FC65900807C24 /* RBTBase64.m */,
				D49827A61862333500807C24 /* ATWebCall.h */,
				D49827A71862333500807C24 /* ATWebCall.m */,
				D4982766185FC07A00807C24 /* AvaTax_Calc_SDK.h */,
				D4982768185FC07A00807C24 /* AvaTax_Calc_SDK.m */,
				D4982764185FC07A00807C24 /* Supporting Files */,
				D4C425B91877475A0030EF00 /* GetTaxRequestBody.h */,
				D4C425BA1877475A0030EF00 /* GetTaxRequestBody.m */,
			);
			path = "AvaTax-Calc-SDK";
			sourceTree = "<group>";
		};
		D4982764185FC07A00807C24 /* Supporting Files */ = {
			isa = PBXGroup;
			children = (
				D4982765185FC07A00807C24 /* AvaTax-Calc-SDK-Prefix.pch */,
			);
			name = "Supporting Files";
			sourceTree = "<group>";
		};
		D4982775185FC07A00807C24 /* AvaTax-Calc-SDKTests */ = {
			isa = PBXGroup;
			children = (
				D498277B185FC07A00807C24 /* AvaTax_Calc_SDKTests.m */,
				D4982776185FC07A00807C24 /* Supporting Files */,
			);
			path = "AvaTax-Calc-SDKTests";
			sourceTree = "<group>";
		};
		D4982776185FC07A00807C24 /* Supporting Files */ = {
			isa = PBXGroup;
			children = (
				D4982777185FC07A00807C24 /* AvaTax-Calc-SDKTests-Info.plist */,
				D4982778185FC07A00807C24 /* InfoPlist.strings */,
			);
			name = "Supporting Files";
			sourceTree = "<group>";
		};
		D4C425BC187747C50030EF00 /* JSONModel */ = {
			isa = PBXGroup;
			children = (
				D4C425BD187747C50030EF00 /* JSONModel */,
				D4C425C6187747C50030EF00 /* JSONModelCategories */,
				D4C425C9187747C50030EF00 /* JSONModelLib.h */,
				D4C425CA187747C50030EF00 /* JSONModelNetworking */,
				D4C425D1187747C50030EF00 /* JSONModelTransformations */,
			);
			name = JSONModel;
			path = ../third_party/JSONModel;
			sourceTree = "<group>";
		};
		D4C425BD187747C50030EF00 /* JSONModel */ = {
			isa = PBXGroup;
			children = (
				D4C425BE187747C50030EF00 /* JSONModel.h */,
				D4C425BF187747C50030EF00 /* JSONModel.m */,
				D4C425C0187747C50030EF00 /* JSONModelArray.h */,
				D4C425C1187747C50030EF00 /* JSONModelArray.m */,
				D4C425C2187747C50030EF00 /* JSONModelClassProperty.h */,
				D4C425C3187747C50030EF00 /* JSONModelClassProperty.m */,
				D4C425C4187747C50030EF00 /* JSONModelError.h */,
				D4C425C5187747C50030EF00 /* JSONModelError.m */,
			);
			path = JSONModel;
			sourceTree = "<group>";
		};
		D4C425C6187747C50030EF00 /* JSONModelCategories */ = {
			isa = PBXGroup;
			children = (
				D4C425C7187747C50030EF00 /* NSArray+JSONModel.h */,
				D4C425C8187747C50030EF00 /* NSArray+JSONModel.m */,
			);
			path = JSONModelCategories;
			sourceTree = "<group>";
		};
		D4C425CA187747C50030EF00 /* JSONModelNetworking */ = {
			isa = PBXGroup;
			children = (
				D4C425CB187747C50030EF00 /* JSONAPI.h */,
				D4C425CC187747C50030EF00 /* JSONAPI.m */,
				D4C425CD187747C50030EF00 /* JSONHTTPClient.h */,
				D4C425CE187747C50030EF00 /* JSONHTTPClient.m */,
				D4C425CF187747C50030EF00 /* JSONModel+networking.h */,
				D4C425D0187747C50030EF00 /* JSONModel+networking.m */,
			);
			path = JSONModelNetworking;
			sourceTree = "<group>";
		};
		D4C425D1187747C50030EF00 /* JSONModelTransformations */ = {
			isa = PBXGroup;
			children = (
				D4C425D2187747C50030EF00 /* JSONKeyMapper.h */,
				D4C425D3187747C50030EF00 /* JSONKeyMapper.m */,
				D4C425D4187747C50030EF00 /* JSONValueTransformer.h */,
				D4C425D5187747C50030EF00 /* JSONValueTransformer.m */,
			);
			path = JSONModelTransformations;
			sourceTree = "<group>";
		};
/* End PBXGroup section */

/* Begin PBXNativeTarget section */
		D4982729185FA78100807C24 /* AvaTax-Calc */ = {
			isa = PBXNativeTarget;
			buildConfigurationList = D4982756185FA78100807C24 /* Build configuration list for PBXNativeTarget "AvaTax-Calc" */;
			buildPhases = (
				D4982726185FA78100807C24 /* Sources */,
				D4982727185FA78100807C24 /* Frameworks */,
				D4982728185FA78100807C24 /* Resources */,
			);
			buildRules = (
			);
			dependencies = (
			);
			name = "AvaTax-Calc";
			productName = "AvaTax-Calc";
			productReference = D498272A185FA78100807C24 /* AvaTax-Calc.app */;
			productType = "com.apple.product-type.application";
		};
		D4982744185FA78100807C24 /* AvaTax-CalcTests */ = {
			isa = PBXNativeTarget;
			buildConfigurationList = D4982759185FA78100807C24 /* Build configuration list for PBXNativeTarget "AvaTax-CalcTests" */;
			buildPhases = (
				D4982741185FA78100807C24 /* Sources */,
				D4982742185FA78100807C24 /* Frameworks */,
				D4982743185FA78100807C24 /* Resources */,
			);
			buildRules = (
			);
			dependencies = (
				D498274B185FA78100807C24 /* PBXTargetDependency */,
			);
			name = "AvaTax-CalcTests";
			productName = "AvaTax-CalcTests";
			productReference = D4982745185FA78100807C24 /* AvaTax-CalcTests.xctest */;
			productType = "com.apple.product-type.bundle.unit-test";
		};
		D4982760185FC07A00807C24 /* AvaTax-Calc-SDK */ = {
			isa = PBXNativeTarget;
			buildConfigurationList = D498277D185FC07A00807C24 /* Build configuration list for PBXNativeTarget "AvaTax-Calc-SDK" */;
			buildPhases = (
				D498275D185FC07A00807C24 /* Sources */,
				D498275E185FC07A00807C24 /* Frameworks */,
				D498275F185FC07A00807C24 /* CopyFiles */,
			);
			buildRules = (
			);
			dependencies = (
			);
			name = "AvaTax-Calc-SDK";
			productName = "AvaTax-Calc-SDK";
			productReference = D4982761185FC07A00807C24 /* libAvaTax-Calc-SDK.a */;
			productType = "com.apple.product-type.library.static";
		};
		D498276D185FC07A00807C24 /* AvaTax-Calc-SDKTests */ = {
			isa = PBXNativeTarget;
			buildConfigurationList = D4982780185FC07A00807C24 /* Build configuration list for PBXNativeTarget "AvaTax-Calc-SDKTests" */;
			buildPhases = (
				D498276A185FC07A00807C24 /* Sources */,
				D498276B185FC07A00807C24 /* Frameworks */,
				D498276C185FC07A00807C24 /* Resources */,
			);
			buildRules = (
			);
			dependencies = (
				D4982773185FC07A00807C24 /* PBXTargetDependency */,
			);
			name = "AvaTax-Calc-SDKTests";
			productName = "AvaTax-Calc-SDKTests";
			productReference = D498276E185FC07A00807C24 /* AvaTax-Calc-SDKTests.xctest */;
			productType = "com.apple.product-type.bundle.unit-test";
		};
/* End PBXNativeTarget section */

/* Begin PBXProject section */
		D4982722185FA78100807C24 /* Project object */ = {
			isa = PBXProject;
			attributes = {
				LastUpgradeCheck = 0500;
				ORGANIZATIONNAME = Avalara;
				TargetAttributes = {
					D4982744185FA78100807C24 = {
						TestTargetID = D4982729185FA78100807C24;
					};
					D498276D185FC07A00807C24 = {
						TestTargetID = D4982729185FA78100807C24;
					};
				};
			};
			buildConfigurationList = D4982725185FA78100807C24 /* Build configuration list for PBXProject "AvaTax-Calc" */;
			compatibilityVersion = "Xcode 3.2";
			developmentRegion = English;
			hasScannedForEncodings = 0;
			knownRegions = (
				en,
			);
			mainGroup = D4982721185FA78100807C24;
			productRefGroup = D498272B185FA78100807C24 /* Products */;
			projectDirPath = "";
			projectRoot = "";
			targets = (
				D4982729185FA78100807C24 /* AvaTax-Calc */,
				D4982744185FA78100807C24 /* AvaTax-CalcTests */,
				D4982760185FC07A00807C24 /* AvaTax-Calc-SDK */,
				D498276D185FC07A00807C24 /* AvaTax-Calc-SDKTests */,
			);
		};
/* End PBXProject section */

/* Begin PBXResourcesBuildPhase section */
		D4982728185FA78100807C24 /* Resources */ = {
			isa = PBXResourcesBuildPhase;
			buildActionMask = 2147483647;
			files = (
				D4982738185FA78100807C24 /* InfoPlist.strings in Resources */,
				D4982740185FA78100807C24 /* Images.xcassets in Resources */,
			);
			runOnlyForDeploymentPostprocessing = 0;
		};
		D4982743185FA78100807C24 /* Resources */ = {
			isa = PBXResourcesBuildPhase;
			buildActionMask = 2147483647;
			files = (
				D4982751185FA78100807C24 /* InfoPlist.strings in Resources */,
			);
			runOnlyForDeploymentPostprocessing = 0;
		};
		D498276C185FC07A00807C24 /* Resources */ = {
			isa = PBXResourcesBuildPhase;
			buildActionMask = 2147483647;
			files = (
				D498277A185FC07A00807C24 /* InfoPlist.strings in Resources */,
			);
			runOnlyForDeploymentPostprocessing = 0;
		};
/* End PBXResourcesBuildPhase section */

/* Begin PBXSourcesBuildPhase section */
		D4982726185FA78100807C24 /* Sources */ = {
			isa = PBXSourcesBuildPhase;
			buildActionMask = 2147483647;
			files = (
				D498273E185FA78100807C24 /* AppDelegate.m in Sources */,
				D49827A81862333500807C24 /* ATWebCall.m in Sources */,
				D4982785185FC11500807C24 /* SampleGetTaxCall.m in Sources */,
				D498273A185FA78100807C24 /* main.m in Sources */,
			);
			runOnlyForDeploymentPostprocessing = 0;
		};
		D4982741185FA78100807C24 /* Sources */ = {
			isa = PBXSourcesBuildPhase;
			buildActionMask = 2147483647;
			files = (
				D4982753185FA78100807C24 /* AvaTax_CalcTests.m in Sources */,
			);
			runOnlyForDeploymentPostprocessing = 0;
		};
		D498275D185FC07A00807C24 /* Sources */ = {
			isa = PBXSourcesBuildPhase;
			buildActionMask = 2147483647;
			files = (
				D4C425D9187747C50030EF00 /* JSONModelError.m in Sources */,
				D4C425DA187747C50030EF00 /* NSArray+JSONModel.m in Sources */,
				D4C425D8187747C50030EF00 /* JSONModelClassProperty.m in Sources */,
				D4982769185FC07A00807C24 /* AvaTax_Calc_SDK.m in Sources */,
				D49827AA18623AC100807C24 /* RBTBase64.m in Sources */,
				D4C425DE187747C50030EF00 /* JSONKeyMapper.m in Sources */,
				D4C425BB1877475A0030EF00 /* GetTaxRequestBody.m in Sources */,
				D4C425D7187747C50030EF00 /* JSONModelArray.m in Sources */,
				D4C425DD187747C50030EF00 /* JSONModel+networking.m in Sources */,
				D49827A418622F8F00807C24 /* AvaTaxCalc.m in Sources */,
				D4C425DB187747C50030EF00 /* JSONAPI.m in Sources */,
				D4C425DF187747C50030EF00 /* JSONValueTransformer.m in Sources */,
				D4C425DC187747C50030EF00 /* JSONHTTPClient.m in Sources */,
				D4C425D6187747C50030EF00 /* JSONModel.m in Sources */,
			);
			runOnlyForDeploymentPostprocessing = 0;
		};
		D498276A185FC07A00807C24 /* Sources */ = {
			isa = PBXSourcesBuildPhase;
			buildActionMask = 2147483647;
			files = (
				D498277C185FC07A00807C24 /* AvaTax_Calc_SDKTests.m in Sources */,
			);
			runOnlyForDeploymentPostprocessing = 0;
		};
/* End PBXSourcesBuildPhase section */

/* Begin PBXTargetDependency section */
		D498274B185FA78100807C24 /* PBXTargetDependency */ = {
			isa = PBXTargetDependency;
			target = D4982729185FA78100807C24 /* AvaTax-Calc */;
			targetProxy = D498274A185FA78100807C24 /* PBXContainerItemProxy */;
		};
		D4982773185FC07A00807C24 /* PBXTargetDependency */ = {
			isa = PBXTargetDependency;
			target = D4982760185FC07A00807C24 /* AvaTax-Calc-SDK */;
			targetProxy = D4982772185FC07A00807C24 /* PBXContainerItemProxy */;
		};
/* End PBXTargetDependency section */

/* Begin PBXVariantGroup section */
		D4982736185FA78100807C24 /* InfoPlist.strings */ = {
			isa = PBXVariantGroup;
			children = (
				D4982737185FA78100807C24 /* en */,
			);
			name = InfoPlist.strings;
			sourceTree = "<group>";
		};
		D498274F185FA78100807C24 /* InfoPlist.strings */ = {
			isa = PBXVariantGroup;
			children = (
				D4982750185FA78100807C24 /* en */,
			);
			name = InfoPlist.strings;
			sourceTree = "<group>";
		};
		D4982778185FC07A00807C24 /* InfoPlist.strings */ = {
			isa = PBXVariantGroup;
			children = (
				D4982779185FC07A00807C24 /* en */,
			);
			name = InfoPlist.strings;
			sourceTree = "<group>";
		};
/* End PBXVariantGroup section */

/* Begin XCBuildConfiguration section */
		D4982754185FA78100807C24 /* Debug */ = {
			isa = XCBuildConfiguration;
			buildSettings = {
				ALWAYS_SEARCH_USER_PATHS = NO;
				ARCHS = "$(ARCHS_STANDARD_INCLUDING_64_BIT)";
				CLANG_CXX_LANGUAGE_STANDARD = "gnu++0x";
				CLANG_CXX_LIBRARY = "libc++";
				CLANG_ENABLE_MODULES = YES;
				CLANG_ENABLE_OBJC_ARC = YES;
				CLANG_WARN_BOOL_CONVERSION = YES;
				CLANG_WARN_CONSTANT_CONVERSION = YES;
				CLANG_WARN_DIRECT_OBJC_ISA_USAGE = YES_ERROR;
				CLANG_WARN_EMPTY_BODY = YES;
				CLANG_WARN_ENUM_CONVERSION = YES;
				CLANG_WARN_INT_CONVERSION = YES;
				CLANG_WARN_OBJC_ROOT_CLASS = YES_ERROR;
				CLANG_WARN__DUPLICATE_METHOD_MATCH = YES;
				"CODE_SIGN_IDENTITY[sdk=iphoneos*]" = "iPhone Developer";
				COPY_PHASE_STRIP = NO;
				GCC_C_LANGUAGE_STANDARD = gnu99;
				GCC_DYNAMIC_NO_PIC = NO;
				GCC_OPTIMIZATION_LEVEL = 0;
				GCC_PREPROCESSOR_DEFINITIONS = (
					"DEBUG=1",
					"$(inherited)",
				);
				GCC_SYMBOLS_PRIVATE_EXTERN = NO;
				GCC_WARN_64_TO_32_BIT_CONVERSION = YES;
				GCC_WARN_ABOUT_RETURN_TYPE = YES_ERROR;
				GCC_WARN_UNDECLARED_SELECTOR = YES;
				GCC_WARN_UNINITIALIZED_AUTOS = YES;
				GCC_WARN_UNUSED_FUNCTION = YES;
				GCC_WARN_UNUSED_VARIABLE = YES;
				IPHONEOS_DEPLOYMENT_TARGET = 7.0;
				ONLY_ACTIVE_ARCH = YES;
				SDKROOT = iphoneos;
				TARGETED_DEVICE_FAMILY = "1,2";
			};
			name = Debug;
		};
		D4982755185FA78100807C24 /* Release */ = {
			isa = XCBuildConfiguration;
			buildSettings = {
				ALWAYS_SEARCH_USER_PATHS = NO;
				ARCHS = "$(ARCHS_STANDARD_INCLUDING_64_BIT)";
				CLANG_CXX_LANGUAGE_STANDARD = "gnu++0x";
				CLANG_CXX_LIBRARY = "libc++";
				CLANG_ENABLE_MODULES = YES;
				CLANG_ENABLE_OBJC_ARC = YES;
				CLANG_WARN_BOOL_CONVERSION = YES;
				CLANG_WARN_CONSTANT_CONVERSION = YES;
				CLANG_WARN_DIRECT_OBJC_ISA_USAGE = YES_ERROR;
				CLANG_WARN_EMPTY_BODY = YES;
				CLANG_WARN_ENUM_CONVERSION = YES;
				CLANG_WARN_INT_CONVERSION = YES;
				CLANG_WARN_OBJC_ROOT_CLASS = YES_ERROR;
				CLANG_WARN__DUPLICATE_METHOD_MATCH = YES;
				"CODE_SIGN_IDENTITY[sdk=iphoneos*]" = "iPhone Developer";
				COPY_PHASE_STRIP = YES;
				ENABLE_NS_ASSERTIONS = NO;
				GCC_C_LANGUAGE_STANDARD = gnu99;
				GCC_WARN_64_TO_32_BIT_CONVERSION = YES;
				GCC_WARN_ABOUT_RETURN_TYPE = YES_ERROR;
				GCC_WARN_UNDECLARED_SELECTOR = YES;
				GCC_WARN_UNINITIALIZED_AUTOS = YES;
				GCC_WARN_UNUSED_FUNCTION = YES;
				GCC_WARN_UNUSED_VARIABLE = YES;
				IPHONEOS_DEPLOYMENT_TARGET = 7.0;
				SDKROOT = iphoneos;
				TARGETED_DEVICE_FAMILY = "1,2";
				VALIDATE_PRODUCT = YES;
			};
			name = Release;
		};
		D4982757185FA78100807C24 /* Debug */ = {
			isa = XCBuildConfiguration;
			buildSettings = {
				ASSETCATALOG_COMPILER_APPICON_NAME = AppIcon;
				ASSETCATALOG_COMPILER_LAUNCHIMAGE_NAME = LaunchImage;
				GCC_PRECOMPILE_PREFIX_HEADER = YES;
				GCC_PREFIX_HEADER = "AvaTax-Calc/AvaTax-Calc-Prefix.pch";
				INFOPLIST_FILE = "AvaTax-Calc/AvaTax-Calc-Info.plist";
				IPHONEOS_DEPLOYMENT_TARGET = 7.0;
				PRODUCT_NAME = "$(TARGET_NAME)";
				WRAPPER_EXTENSION = app;
			};
			name = Debug;
		};
		D4982758185FA78100807C24 /* Release */ = {
			isa = XCBuildConfiguration;
			buildSettings = {
				ASSETCATALOG_COMPILER_APPICON_NAME = AppIcon;
				ASSETCATALOG_COMPILER_LAUNCHIMAGE_NAME = LaunchImage;
				GCC_PRECOMPILE_PREFIX_HEADER = YES;
				GCC_PREFIX_HEADER = "AvaTax-Calc/AvaTax-Calc-Prefix.pch";
				INFOPLIST_FILE = "AvaTax-Calc/AvaTax-Calc-Info.plist";
				IPHONEOS_DEPLOYMENT_TARGET = 7.0;
				PRODUCT_NAME = "$(TARGET_NAME)";
				WRAPPER_EXTENSION = app;
			};
			name = Release;
		};
		D498275A185FA78100807C24 /* Debug */ = {
			isa = XCBuildConfiguration;
			buildSettings = {
				ARCHS = "$(ARCHS_STANDARD_INCLUDING_64_BIT)";
				BUNDLE_LOADER = "$(BUILT_PRODUCTS_DIR)/AvaTax-Calc.app/AvaTax-Calc";
				FRAMEWORK_SEARCH_PATHS = (
					"$(SDKROOT)/Developer/Library/Frameworks",
					"$(inherited)",
					"$(DEVELOPER_FRAMEWORKS_DIR)",
				);
				GCC_PRECOMPILE_PREFIX_HEADER = YES;
				GCC_PREFIX_HEADER = "AvaTax-Calc/AvaTax-Calc-Prefix.pch";
				GCC_PREPROCESSOR_DEFINITIONS = (
					"DEBUG=1",
					"$(inherited)",
				);
				INFOPLIST_FILE = "AvaTax-CalcTests/AvaTax-CalcTests-Info.plist";
				PRODUCT_NAME = "$(TARGET_NAME)";
				TEST_HOST = "$(BUNDLE_LOADER)";
				WRAPPER_EXTENSION = xctest;
			};
			name = Debug;
		};
		D498275B185FA78100807C24 /* Release */ = {
			isa = XCBuildConfiguration;
			buildSettings = {
				ARCHS = "$(ARCHS_STANDARD_INCLUDING_64_BIT)";
				BUNDLE_LOADER = "$(BUILT_PRODUCTS_DIR)/AvaTax-Calc.app/AvaTax-Calc";
				FRAMEWORK_SEARCH_PATHS = (
					"$(SDKROOT)/Developer/Library/Frameworks",
					"$(inherited)",
					"$(DEVELOPER_FRAMEWORKS_DIR)",
				);
				GCC_PRECOMPILE_PREFIX_HEADER = YES;
				GCC_PREFIX_HEADER = "AvaTax-Calc/AvaTax-Calc-Prefix.pch";
				INFOPLIST_FILE = "AvaTax-CalcTests/AvaTax-CalcTests-Info.plist";
				PRODUCT_NAME = "$(TARGET_NAME)";
				TEST_HOST = "$(BUNDLE_LOADER)";
				WRAPPER_EXTENSION = xctest;
			};
			name = Release;
		};
		D498277E185FC07A00807C24 /* Debug */ = {
			isa = XCBuildConfiguration;
			buildSettings = {
				ARCHS = "$(ARCHS_STANDARD_INCLUDING_64_BIT)";
				DSTROOT = /tmp/AvaTax_Calc_SDK.dst;
				GCC_PRECOMPILE_PREFIX_HEADER = YES;
				GCC_PREFIX_HEADER = "AvaTax-Calc-SDK/AvaTax-Calc-SDK-Prefix.pch";
				GCC_PREPROCESSOR_DEFINITIONS = (
					"DEBUG=1",
					"$(inherited)",
				);
				OTHER_LDFLAGS = "-ObjC";
				PRODUCT_NAME = "$(TARGET_NAME)";
				SKIP_INSTALL = YES;
			};
			name = Debug;
		};
		D498277F185FC07A00807C24 /* Release */ = {
			isa = XCBuildConfiguration;
			buildSettings = {
				ARCHS = "$(ARCHS_STANDARD_INCLUDING_64_BIT)";
				DSTROOT = /tmp/AvaTax_Calc_SDK.dst;
				GCC_PRECOMPILE_PREFIX_HEADER = YES;
				GCC_PREFIX_HEADER = "AvaTax-Calc-SDK/AvaTax-Calc-SDK-Prefix.pch";
				OTHER_LDFLAGS = "-ObjC";
				PRODUCT_NAME = "$(TARGET_NAME)";
				SKIP_INSTALL = YES;
			};
			name = Release;
		};
		D4982781185FC07A00807C24 /* Debug */ = {
			isa = XCBuildConfiguration;
			buildSettings = {
				ARCHS = "$(ARCHS_STANDARD_INCLUDING_64_BIT)";
				BUNDLE_LOADER = "$(BUILT_PRODUCTS_DIR)/AvaTax-Calc.app/AvaTax-Calc";
				FRAMEWORK_SEARCH_PATHS = (
					"$(SDKROOT)/Developer/Library/Frameworks",
					"$(inherited)",
					"$(DEVELOPER_FRAMEWORKS_DIR)",
				);
				GCC_PRECOMPILE_PREFIX_HEADER = YES;
				GCC_PREFIX_HEADER = "AvaTax-Calc-SDK/AvaTax-Calc-SDK-Prefix.pch";
				GCC_PREPROCESSOR_DEFINITIONS = (
					"DEBUG=1",
					"$(inherited)",
				);
				INFOPLIST_FILE = "AvaTax-Calc-SDKTests/AvaTax-Calc-SDKTests-Info.plist";
				PRODUCT_NAME = "$(TARGET_NAME)";
				TEST_HOST = "$(BUNDLE_LOADER)";
				WRAPPER_EXTENSION = xctest;
			};
			name = Debug;
		};
		D4982782185FC07A00807C24 /* Release */ = {
			isa = XCBuildConfiguration;
			buildSettings = {
				ARCHS = "$(ARCHS_STANDARD_INCLUDING_64_BIT)";
				BUNDLE_LOADER = "$(BUILT_PRODUCTS_DIR)/AvaTax-Calc.app/AvaTax-Calc";
				FRAMEWORK_SEARCH_PATHS = (
					"$(SDKROOT)/Developer/Library/Frameworks",
					"$(inherited)",
					"$(DEVELOPER_FRAMEWORKS_DIR)",
				);
				GCC_PRECOMPILE_PREFIX_HEADER = YES;
				GCC_PREFIX_HEADER = "AvaTax-Calc-SDK/AvaTax-Calc-SDK-Prefix.pch";
				INFOPLIST_FILE = "AvaTax-Calc-SDKTests/AvaTax-Calc-SDKTests-Info.plist";
				PRODUCT_NAME = "$(TARGET_NAME)";
				TEST_HOST = "$(BUNDLE_LOADER)";
				WRAPPER_EXTENSION = xctest;
			};
			name = Release;
		};
/* End XCBuildConfiguration section */

/* Begin XCConfigurationList section */
		D4982725185FA78100807C24 /* Build configuration list for PBXProject "AvaTax-Calc" */ = {
			isa = XCConfigurationList;
			buildConfigurations = (
				D4982754185FA78100807C24 /* Debug */,
				D4982755185FA78100807C24 /* Release */,
			);
			defaultConfigurationIsVisible = 0;
			defaultConfigurationName = Release;
		};
		D4982756185FA78100807C24 /* Build configuration list for PBXNativeTarget "AvaTax-Calc" */ = {
			isa = XCConfigurationList;
			buildConfigurations = (
				D4982757185FA78100807C24 /* Debug */,
				D4982758185FA78100807C24 /* Release */,
			);
			defaultConfigurationIsVisible = 0;
			defaultConfigurationName = Release;
		};
		D4982759185FA78100807C24 /* Build configuration list for PBXNativeTarget "AvaTax-CalcTests" */ = {
			isa = XCConfigurationList;
			buildConfigurations = (
				D498275A185FA78100807C24 /* Debug */,
				D498275B185FA78100807C24 /* Release */,
			);
			defaultConfigurationIsVisible = 0;
			defaultConfigurationName = Release;
		};
		D498277D185FC07A00807C24 /* Build configuration list for PBXNativeTarget "AvaTax-Calc-SDK" */ = {
			isa = XCConfigurationList;
			buildConfigurations = (
				D498277E185FC07A00807C24 /* Debug */,
				D498277F185FC07A00807C24 /* Release */,
			);
			defaultConfigurationIsVisible = 0;
			defaultConfigurationName = Release;
		};
		D4982780185FC07A00807C24 /* Build configuration list for PBXNativeTarget "AvaTax-Calc-SDKTests" */ = {
			isa = XCConfigurationList;
			buildConfigurations = (
				D4982781185FC07A00807C24 /* Debug */,
				D4982782185FC07A00807C24 /* Release */,
			);
			defaultConfigurationIsVisible = 0;
			defaultConfigurationName = Release;
		};
/* End XCConfigurationList section */
	};
	rootObject = D4982722185FA78100807C24 /* Project object */;
}
