// !$*UTF8*$!
{
	archiveVersion = 1;
	classes = {
	};
	objectVersion = 46;
	objects = {

/* Begin PBXBuildFile section */
		D4337F9918889C74004B19BB /* AvaTaxResponse.m in Sources */ = {isa = PBXBuildFile; fileRef = D4337F9818889C74004B19BB /* AvaTaxResponse.m */; };
		D4337F9C18889DEE004B19BB /* AvaTaxValidateAddressResponse.m in Sources */ = {isa = PBXBuildFile; fileRef = D4337F9B18889DEE004B19BB /* AvaTaxValidateAddressResponse.m */; };
		D4337F9F1888AE58004B19BB /* AvaTaxValidatedAddress.m in Sources */ = {isa = PBXBuildFile; fileRef = D4337F9E1888AE58004B19BB /* AvaTaxValidatedAddress.m */; };
		D4337FA21897333A004B19BB /* AvaTaxCancelTaxRequest.m in Sources */ = {isa = PBXBuildFile; fileRef = D4337FA11897333A004B19BB /* AvaTaxCancelTaxRequest.m */; };
		D4337FA5189842C8004B19BB /* AvaTaxCancelTaxResponse.m in Sources */ = {isa = PBXBuildFile; fileRef = D4337FA4189842C8004B19BB /* AvaTaxCancelTaxResponse.m */; };
		D4337FA818A18B06004B19BB /* AvaTaxTaxSummaryRequest.m in Sources */ = {isa = PBXBuildFile; fileRef = D4337FA718A18B06004B19BB /* AvaTaxTaxSummaryRequest.m */; };
		D4337FAB18A18BC6004B19BB /* AvaTaxTaxSummaryResponse.m in Sources */ = {isa = PBXBuildFile; fileRef = D4337FAA18A18BC6004B19BB /* AvaTaxTaxSummaryResponse.m */; };
		D4337FAE18A1C9CE004B19BB /* AvaTaxEstimateTaxResponse.m in Sources */ = {isa = PBXBuildFile; fileRef = D4337FAD18A1C9CE004B19BB /* AvaTaxEstimateTaxResponse.m */; };
		D4337FC918B58B4C004B19BB /* AddressValidationTests.m in Sources */ = {isa = PBXBuildFile; fileRef = D4337FC818B58B4C004B19BB /* AddressValidationTests.m */; };
		D4337FCC18B58E7F004B19BB /* TestUserCredentials.m in Sources */ = {isa = PBXBuildFile; fileRef = D4337FCB18B58E7F004B19BB /* TestUserCredentials.m */; };
		D4337FCD18B58E7F004B19BB /* TestUserCredentials.m in Sources */ = {isa = PBXBuildFile; fileRef = D4337FCB18B58E7F004B19BB /* TestUserCredentials.m */; };
		D4337FD018BFB74B004B19BB /* AvaTaxUtil.m in Sources */ = {isa = PBXBuildFile; fileRef = D4337FCF18BFB74B004B19BB /* AvaTaxUtil.m */; };
		D4337FD518BFD0FB004B19BB /* EstimateTaxTests.m in Sources */ = {isa = PBXBuildFile; fileRef = D4337FD218BFCE9D004B19BB /* EstimateTaxTests.m */; };
		D4337FD818C01FF1004B19BB /* CancelTaxTests.m in Sources */ = {isa = PBXBuildFile; fileRef = D4337FD718C01FF1004B19BB /* CancelTaxTests.m */; };
		D4865FF518887DDC005F9F6C /* AvaTaxAddress.m in Sources */ = {isa = PBXBuildFile; fileRef = D4865FF418887DDC005F9F6C /* AvaTaxAddress.m */; };
		D498272E185FA78100807C24 /* Foundation.framework in Frameworks */ = {isa = PBXBuildFile; fileRef = D498272D185FA78100807C24 /* Foundation.framework */; };
		D4982730185FA78100807C24 /* CoreGraphics.framework in Frameworks */ = {isa = PBXBuildFile; fileRef = D498272F185FA78100807C24 /* CoreGraphics.framework */; };
		D4982732185FA78100807C24 /* UIKit.framework in Frameworks */ = {isa = PBXBuildFile; fileRef = D4982731185FA78100807C24 /* UIKit.framework */; };
		D4982738185FA78100807C24 /* InfoPlist.strings in Resources */ = {isa = PBXBuildFile; fileRef = D4982736185FA78100807C24 /* InfoPlist.strings */; };
		D498273A185FA78100807C24 /* main.m in Sources */ = {isa = PBXBuildFile; fileRef = D4982739185FA78100807C24 /* main.m */; };
		D498273E185FA78100807C24 /* AppDelegate.m in Sources */ = {isa = PBXBuildFile; fileRef = D498273D185FA78100807C24 /* AppDelegate.m */; };
		D4982740185FA78100807C24 /* Images.xcassets in Resources */ = {isa = PBXBuildFile; fileRef = D498273F185FA78100807C24 /* Images.xcassets */; };
		D4982762185FC07A00807C24 /* Foundation.framework in Frameworks */ = {isa = PBXBuildFile; fileRef = D498272D185FA78100807C24 /* Foundation.framework */; };
		D4982785185FC11500807C24 /* SampleGetTaxCall.m in Sources */ = {isa = PBXBuildFile; fileRef = D4982784185FC11500807C24 /* SampleGetTaxCall.m */; };
		D49827A418622F8F00807C24 /* AvaTaxCalc.m in Sources */ = {isa = PBXBuildFile; fileRef = D49827A218622F8B00807C24 /* AvaTaxCalc.m */; };
		D49827A918623AAA00807C24 /* libAvaTax-Calc-SDK.a in Frameworks */ = {isa = PBXBuildFile; fileRef = D4982761185FC07A00807C24 /* libAvaTax-Calc-SDK.a */; };
		D49827AA18623AC100807C24 /* RBTBase64.m in Sources */ = {isa = PBXBuildFile; fileRef = D498279F185FC65900807C24 /* RBTBase64.m */; };
		D4C425BB1877475A0030EF00 /* AvaTaxGetTaxRequest.m in Sources */ = {isa = PBXBuildFile; fileRef = D4C425BA1877475A0030EF00 /* AvaTaxGetTaxRequest.m */; };
		D4C425D6187747C50030EF00 /* JSONModel.m in Sources */ = {isa = PBXBuildFile; fileRef = D4C425BF187747C50030EF00 /* JSONModel.m */; };
		D4C425D7187747C50030EF00 /* JSONModelArray.m in Sources */ = {isa = PBXBuildFile; fileRef = D4C425C1187747C50030EF00 /* JSONModelArray.m */; };
		D4C425D8187747C50030EF00 /* JSONModelClassProperty.m in Sources */ = {isa = PBXBuildFile; fileRef = D4C425C3187747C50030EF00 /* JSONModelClassProperty.m */; };
		D4C425D9187747C50030EF00 /* JSONModelError.m in Sources */ = {isa = PBXBuildFile; fileRef = D4C425C5187747C50030EF00 /* JSONModelError.m */; };
		D4C425DA187747C50030EF00 /* NSArray+JSONModel.m in Sources */ = {isa = PBXBuildFile; fileRef = D4C425C8187747C50030EF00 /* NSArray+JSONModel.m */; };
		D4C425DB187747C50030EF00 /* JSONAPI.m in Sources */ = {isa = PBXBuildFile; fileRef = D4C425CC187747C50030EF00 /* JSONAPI.m */; };
		D4C425DC187747C50030EF00 /* JSONHTTPClient.m in Sources */ = {isa = PBXBuildFile; fileRef = D4C425CE187747C50030EF00 /* JSONHTTPClient.m */; };
		D4C425DD187747C50030EF00 /* JSONModel+networking.m in Sources */ = {isa = PBXBuildFile; fileRef = D4C425D0187747C50030EF00 /* JSONModel+networking.m */; };
		D4C425DE187747C50030EF00 /* JSONKeyMapper.m in Sources */ = {isa = PBXBuildFile; fileRef = D4C425D3187747C50030EF00 /* JSONKeyMapper.m */; };
		D4C425DF187747C50030EF00 /* JSONValueTransformer.m in Sources */ = {isa = PBXBuildFile; fileRef = D4C425D5187747C50030EF00 /* JSONValueTransformer.m */; };
		D4C425E2187748B80030EF00 /* SystemConfiguration.framework in Frameworks */ = {isa = PBXBuildFile; fileRef = D4C425E0187748B10030EF00 /* SystemConfiguration.framework */; };
		D4C425EE18775FD20030EF00 /* Foundation.framework in Frameworks */ = {isa = PBXBuildFile; fileRef = D498272D185FA78100807C24 /* Foundation.framework */; };
		D4C425EF18775FD20030EF00 /* CoreGraphics.framework in Frameworks */ = {isa = PBXBuildFile; fileRef = D498272F185FA78100807C24 /* CoreGraphics.framework */; };
		D4C425F018775FD20030EF00 /* UIKit.framework in Frameworks */ = {isa = PBXBuildFile; fileRef = D4982731185FA78100807C24 /* UIKit.framework */; };
		D4C425F618775FD20030EF00 /* InfoPlist.strings in Resources */ = {isa = PBXBuildFile; fileRef = D4C425F418775FD20030EF00 /* InfoPlist.strings */; };
		D4C425F818775FD20030EF00 /* main.m in Sources */ = {isa = PBXBuildFile; fileRef = D4C425F718775FD20030EF00 /* main.m */; };
		D4C426171877607D0030EF00 /* libAvaTax-Calc-SDK.a in Frameworks */ = {isa = PBXBuildFile; fileRef = D4982761185FC07A00807C24 /* libAvaTax-Calc-SDK.a */; };
		D4C42619187760980030EF00 /* QuartzCore.framework in Frameworks */ = {isa = PBXBuildFile; fileRef = D4C42618187760980030EF00 /* QuartzCore.framework */; };
		D4C4261A187760A30030EF00 /* GHUnitIOS.framework in Frameworks */ = {isa = PBXBuildFile; fileRef = D49827AB18626B6F00807C24 /* GHUnitIOS.framework */; };
		D4C4261C1877699E0030EF00 /* AvaTaxWebCall.m in Sources */ = {isa = PBXBuildFile; fileRef = D49827A71862333500807C24 /* AvaTaxWebCall.m */; };
		D4C4261F187771FF0030EF00 /* JSONModelTests.m in Sources */ = {isa = PBXBuildFile; fileRef = D4C4261E187771FF0030EF00 /* JSONModelTests.m */; };
		D4C42622187E05CA0030EF00 /* AvaTaxGetTaxResponse.m in Sources */ = {isa = PBXBuildFile; fileRef = D4C42621187E05CA0030EF00 /* AvaTaxGetTaxResponse.m */; };
/* End PBXBuildFile section */

/* Begin PBXCopyFilesBuildPhase section */
		D498275F185FC07A00807C24 /* CopyFiles */ = {
			isa = PBXCopyFilesBuildPhase;
			buildActionMask = 2147483647;
			dstPath = "include/$(PRODUCT_NAME)";
			dstSubfolderSpec = 16;
			files = (
			);
			runOnlyForDeploymentPostprocessing = 0;
		};
/* End PBXCopyFilesBuildPhase section */

/* Begin PBXFileReference section */
		D4337F9718889C74004B19BB /* AvaTaxResponse.h */ = {isa = PBXFileReference; fileEncoding = 4; lastKnownFileType = sourcecode.c.h; path = AvaTaxResponse.h; sourceTree = "<group>"; };
		D4337F9818889C74004B19BB /* AvaTaxResponse.m */ = {isa = PBXFileReference; fileEncoding = 4; lastKnownFileType = sourcecode.c.objc; path = AvaTaxResponse.m; sourceTree = "<group>"; };
		D4337F9A18889DEE004B19BB /* AvaTaxValidateAddressResponse.h */ = {isa = PBXFileReference; fileEncoding = 4; lastKnownFileType = sourcecode.c.h; path = AvaTaxValidateAddressResponse.h; sourceTree = "<group>"; };
		D4337F9B18889DEE004B19BB /* AvaTaxValidateAddressResponse.m */ = {isa = PBXFileReference; fileEncoding = 4; lastKnownFileType = sourcecode.c.objc; path = AvaTaxValidateAddressResponse.m; sourceTree = "<group>"; };
		D4337F9D1888AE58004B19BB /* AvaTaxValidatedAddress.h */ = {isa = PBXFileReference; fileEncoding = 4; lastKnownFileType = sourcecode.c.h; path = AvaTaxValidatedAddress.h; sourceTree = "<group>"; };
		D4337F9E1888AE58004B19BB /* AvaTaxValidatedAddress.m */ = {isa = PBXFileReference; fileEncoding = 4; lastKnownFileType = sourcecode.c.objc; path = AvaTaxValidatedAddress.m; sourceTree = "<group>"; };
		D4337FA01897333A004B19BB /* AvaTaxCancelTaxRequest.h */ = {isa = PBXFileReference; fileEncoding = 4; lastKnownFileType = sourcecode.c.h; path = AvaTaxCancelTaxRequest.h; sourceTree = "<group>"; };
		D4337FA11897333A004B19BB /* AvaTaxCancelTaxRequest.m */ = {isa = PBXFileReference; fileEncoding = 4; lastKnownFileType = sourcecode.c.objc; path = AvaTaxCancelTaxRequest.m; sourceTree = "<group>"; };
		D4337FA3189842C8004B19BB /* AvaTaxCancelTaxResponse.h */ = {isa = PBXFileReference; fileEncoding = 4; lastKnownFileType = sourcecode.c.h; path = AvaTaxCancelTaxResponse.h; sourceTree = "<group>"; };
		D4337FA4189842C8004B19BB /* AvaTaxCancelTaxResponse.m */ = {isa = PBXFileReference; fileEncoding = 4; lastKnownFileType = sourcecode.c.objc; path = AvaTaxCancelTaxResponse.m; sourceTree = "<group>"; };
		D4337FA618A18B06004B19BB /* AvaTaxTaxSummaryRequest.h */ = {isa = PBXFileReference; fileEncoding = 4; lastKnownFileType = sourcecode.c.h; path = AvaTaxTaxSummaryRequest.h; sourceTree = "<group>"; };
		D4337FA718A18B06004B19BB /* AvaTaxTaxSummaryRequest.m */ = {isa = PBXFileReference; fileEncoding = 4; lastKnownFileType = sourcecode.c.objc; path = AvaTaxTaxSummaryRequest.m; sourceTree = "<group>"; };
		D4337FA918A18BC6004B19BB /* AvaTaxTaxSummaryResponse.h */ = {isa = PBXFileReference; fileEncoding = 4; lastKnownFileType = sourcecode.c.h; path = AvaTaxTaxSummaryResponse.h; sourceTree = "<group>"; };
		D4337FAA18A18BC6004B19BB /* AvaTaxTaxSummaryResponse.m */ = {isa = PBXFileReference; fileEncoding = 4; lastKnownFileType = sourcecode.c.objc; path = AvaTaxTaxSummaryResponse.m; sourceTree = "<group>"; };
		D4337FAC18A1C9CE004B19BB /* AvaTaxEstimateTaxResponse.h */ = {isa = PBXFileReference; fileEncoding = 4; lastKnownFileType = sourcecode.c.h; path = AvaTaxEstimateTaxResponse.h; sourceTree = "<group>"; };
		D4337FAD18A1C9CE004B19BB /* AvaTaxEstimateTaxResponse.m */ = {isa = PBXFileReference; fileEncoding = 4; lastKnownFileType = sourcecode.c.objc; path = AvaTaxEstimateTaxResponse.m; sourceTree = "<group>"; };
		D4337FC718B58B4C004B19BB /* AddressValidationTests.h */ = {isa = PBXFileReference; fileEncoding = 4; lastKnownFileType = sourcecode.c.h; path = AddressValidationTests.h; sourceTree = "<group>"; };
		D4337FC818B58B4C004B19BB /* AddressValidationTests.m */ = {isa = PBXFileReference; fileEncoding = 4; lastKnownFileType = sourcecode.c.objc; path = AddressValidationTests.m; sourceTree = "<group>"; };
		D4337FCA18B58E7E004B19BB /* TestUserCredentials.h */ = {isa = PBXFileReference; fileEncoding = 4; lastKnownFileType = sourcecode.c.h; path = TestUserCredentials.h; sourceTree = "<group>"; };
		D4337FCB18B58E7F004B19BB /* TestUserCredentials.m */ = {isa = PBXFileReference; fileEncoding = 4; lastKnownFileType = sourcecode.c.objc; path = TestUserCredentials.m; sourceTree = "<group>"; };
		D4337FCE18BFB74B004B19BB /* AvaTaxUtil.h */ = {isa = PBXFileReference; fileEncoding = 4; lastKnownFileType = sourcecode.c.h; path = AvaTaxUtil.h; sourceTree = "<group>"; };
		D4337FCF18BFB74B004B19BB /* AvaTaxUtil.m */ = {isa = PBXFileReference; fileEncoding = 4; lastKnownFileType = sourcecode.c.objc; path = AvaTaxUtil.m; sourceTree = "<group>"; };
		D4337FD118BFCE9D004B19BB /* EstimateTaxTests.h */ = {isa = PBXFileReference; fileEncoding = 4; lastKnownFileType = sourcecode.c.h; path = EstimateTaxTests.h; sourceTree = "<group>"; };
		D4337FD218BFCE9D004B19BB /* EstimateTaxTests.m */ = {isa = PBXFileReference; fileEncoding = 4; lastKnownFileType = sourcecode.c.objc; path = EstimateTaxTests.m; sourceTree = "<group>"; };
		D4337FD418BFCF33004B19BB /* AvaTaxHeaders.h */ = {isa = PBXFileReference; lastKnownFileType = sourcecode.c.h; path = AvaTaxHeaders.h; sourceTree = "<group>"; };
		D4337FD618C01FF1004B19BB /* CancelTaxTests.h */ = {isa = PBXFileReference; fileEncoding = 4; lastKnownFileType = sourcecode.c.h; path = CancelTaxTests.h; sourceTree = "<group>"; };
		D4337FD718C01FF1004B19BB /* CancelTaxTests.m */ = {isa = PBXFileReference; fileEncoding = 4; lastKnownFileType = sourcecode.c.objc; path = CancelTaxTests.m; sourceTree = "<group>"; };
		D4865FF318887DDC005F9F6C /* AvaTaxAddress.h */ = {isa = PBXFileReference; fileEncoding = 4; lastKnownFileType = sourcecode.c.h; path = AvaTaxAddress.h; sourceTree = "<group>"; };
		D4865FF418887DDC005F9F6C /* AvaTaxAddress.m */ = {isa = PBXFileReference; fileEncoding = 4; lastKnownFileType = sourcecode.c.objc; path = AvaTaxAddress.m; sourceTree = "<group>"; };
		D498272A185FA78100807C24 /* AvaTax-Calc.app */ = {isa = PBXFileReference; explicitFileType = wrapper.application; includeInIndex = 0; path = "AvaTax-Calc.app"; sourceTree = BUILT_PRODUCTS_DIR; };
		D498272D185FA78100807C24 /* Foundation.framework */ = {isa = PBXFileReference; lastKnownFileType = wrapper.framework; name = Foundation.framework; path = System/Library/Frameworks/Foundation.framework; sourceTree = SDKROOT; };
		D498272F185FA78100807C24 /* CoreGraphics.framework */ = {isa = PBXFileReference; lastKnownFileType = wrapper.framework; name = CoreGraphics.framework; path = System/Library/Frameworks/CoreGraphics.framework; sourceTree = SDKROOT; };
		D4982731185FA78100807C24 /* UIKit.framework */ = {isa = PBXFileReference; lastKnownFileType = wrapper.framework; name = UIKit.framework; path = System/Library/Frameworks/UIKit.framework; sourceTree = SDKROOT; };
		D4982735185FA78100807C24 /* AvaTax-Calc-Info.plist */ = {isa = PBXFileReference; lastKnownFileType = text.plist.xml; path = "AvaTax-Calc-Info.plist"; sourceTree = "<group>"; };
		D4982737185FA78100807C24 /* en */ = {isa = PBXFileReference; lastKnownFileType = text.plist.strings; name = en; path = en.lproj/InfoPlist.strings; sourceTree = "<group>"; };
		D4982739185FA78100807C24 /* main.m */ = {isa = PBXFileReference; lastKnownFileType = sourcecode.c.objc; path = main.m; sourceTree = "<group>"; };
		D498273B185FA78100807C24 /* AvaTax-Calc-Prefix.pch */ = {isa = PBXFileReference; lastKnownFileType = sourcecode.c.h; path = "AvaTax-Calc-Prefix.pch"; sourceTree = "<group>"; };
		D498273C185FA78100807C24 /* AppDelegate.h */ = {isa = PBXFileReference; lastKnownFileType = sourcecode.c.h; path = AppDelegate.h; sourceTree = "<group>"; };
		D498273D185FA78100807C24 /* AppDelegate.m */ = {isa = PBXFileReference; lastKnownFileType = sourcecode.c.objc; path = AppDelegate.m; sourceTree = "<group>"; };
		D498273F185FA78100807C24 /* Images.xcassets */ = {isa = PBXFileReference; lastKnownFileType = folder.assetcatalog; path = Images.xcassets; sourceTree = "<group>"; };
		D4982746185FA78100807C24 /* XCTest.framework */ = {isa = PBXFileReference; lastKnownFileType = wrapper.framework; name = XCTest.framework; path = Library/Frameworks/XCTest.framework; sourceTree = DEVELOPER_DIR; };
		D4982761185FC07A00807C24 /* libAvaTax-Calc-SDK.a */ = {isa = PBXFileReference; explicitFileType = archive.ar; includeInIndex = 0; path = "libAvaTax-Calc-SDK.a"; sourceTree = BUILT_PRODUCTS_DIR; };
		D4982765185FC07A00807C24 /* AvaTax-Calc-SDK-Prefix.pch */ = {isa = PBXFileReference; lastKnownFileType = sourcecode.c.h; path = "AvaTax-Calc-SDK-Prefix.pch"; sourceTree = "<group>"; };
		D4982783185FC11500807C24 /* SampleGetTaxCall.h */ = {isa = PBXFileReference; fileEncoding = 4; lastKnownFileType = sourcecode.c.h; path = SampleGetTaxCall.h; sourceTree = "<group>"; };
		D4982784185FC11500807C24 /* SampleGetTaxCall.m */ = {isa = PBXFileReference; fileEncoding = 4; lastKnownFileType = sourcecode.c.objc; path = SampleGetTaxCall.m; sourceTree = "<group>"; };
		D498279E185FC65900807C24 /* RBTBase64.h */ = {isa = PBXFileReference; fileEncoding = 4; lastKnownFileType = sourcecode.c.h; name = RBTBase64.h; path = "../AvaTax-Calc/RBTBase64.h"; sourceTree = "<group>"; };
		D498279F185FC65900807C24 /* RBTBase64.m */ = {isa = PBXFileReference; fileEncoding = 4; lastKnownFileType = sourcecode.c.objc; name = RBTBase64.m; path = "../AvaTax-Calc/RBTBase64.m"; sourceTree = "<group>"; };
		D49827A118622F8B00807C24 /* AvaTaxCalc.h */ = {isa = PBXFileReference; fileEncoding = 4; lastKnownFileType = sourcecode.c.h; name = AvaTaxCalc.h; path = "../AvaTax-Calc/AvaTaxCalc.h"; sourceTree = "<group>"; };
		D49827A218622F8B00807C24 /* AvaTaxCalc.m */ = {isa = PBXFileReference; fileEncoding = 4; lastKnownFileType = sourcecode.c.objc; name = AvaTaxCalc.m; path = "../AvaTax-Calc/AvaTaxCalc.m"; sourceTree = "<group>"; };
		D49827A61862333500807C24 /* AvaTaxWebCall.h */ = {isa = PBXFileReference; fileEncoding = 4; lastKnownFileType = sourcecode.c.h; path = AvaTaxWebCall.h; sourceTree = "<group>"; };
		D49827A71862333500807C24 /* AvaTaxWebCall.m */ = {isa = PBXFileReference; fileEncoding = 4; lastKnownFileType = sourcecode.c.objc; path = AvaTaxWebCall.m; sourceTree = "<group>"; };
		D49827AB18626B6F00807C24 /* GHUnitIOS.framework */ = {isa = PBXFileReference; lastKnownFileType = wrapper.framework; name = GHUnitIOS.framework; path = "../third_party/gh-unit-framework/GHUnitIOS.framework"; sourceTree = "<group>"; };
		D4C425B91877475A0030EF00 /* AvaTaxGetTaxRequest.h */ = {isa = PBXFileReference; fileEncoding = 4; lastKnownFileType = sourcecode.c.h; path = AvaTaxGetTaxRequest.h; sourceTree = "<group>"; };
		D4C425BA1877475A0030EF00 /* AvaTaxGetTaxRequest.m */ = {isa = PBXFileReference; fileEncoding = 4; lastKnownFileType = sourcecode.c.objc; path = AvaTaxGetTaxRequest.m; sourceTree = "<group>"; };
		D4C425BE187747C50030EF00 /* JSONModel.h */ = {isa = PBXFileReference; fileEncoding = 4; lastKnownFileType = sourcecode.c.h; path = JSONModel.h; sourceTree = "<group>"; };
		D4C425BF187747C50030EF00 /* JSONModel.m */ = {isa = PBXFileReference; fileEncoding = 4; lastKnownFileType = sourcecode.c.objc; path = JSONModel.m; sourceTree = "<group>"; };
		D4C425C0187747C50030EF00 /* JSONModelArray.h */ = {isa = PBXFileReference; fileEncoding = 4; lastKnownFileType = sourcecode.c.h; path = JSONModelArray.h; sourceTree = "<group>"; };
		D4C425C1187747C50030EF00 /* JSONModelArray.m */ = {isa = PBXFileReference; fileEncoding = 4; lastKnownFileType = sourcecode.c.objc; path = JSONModelArray.m; sourceTree = "<group>"; };
		D4C425C2187747C50030EF00 /* JSONModelClassProperty.h */ = {isa = PBXFileReference; fileEncoding = 4; lastKnownFileType = sourcecode.c.h; path = JSONModelClassProperty.h; sourceTree = "<group>"; };
		D4C425C3187747C50030EF00 /* JSONModelClassProperty.m */ = {isa = PBXFileReference; fileEncoding = 4; lastKnownFileType = sourcecode.c.objc; path = JSONModelClassProperty.m; sourceTree = "<group>"; };
		D4C425C4187747C50030EF00 /* JSONModelError.h */ = {isa = PBXFileReference; fileEncoding = 4; lastKnownFileType = sourcecode.c.h; path = JSONModelError.h; sourceTree = "<group>"; };
		D4C425C5187747C50030EF00 /* JSONModelError.m */ = {isa = PBXFileReference; fileEncoding = 4; lastKnownFileType = sourcecode.c.objc; path = JSONModelError.m; sourceTree = "<group>"; };
		D4C425C7187747C50030EF00 /* NSArray+JSONModel.h */ = {isa = PBXFileReference; fileEncoding = 4; lastKnownFileType = sourcecode.c.h; path = "NSArray+JSONModel.h"; sourceTree = "<group>"; };
		D4C425C8187747C50030EF00 /* NSArray+JSONModel.m */ = {isa = PBXFileReference; fileEncoding = 4; lastKnownFileType = sourcecode.c.objc; path = "NSArray+JSONModel.m"; sourceTree = "<group>"; };
		D4C425C9187747C50030EF00 /* JSONModelLib.h */ = {isa = PBXFileReference; fileEncoding = 4; lastKnownFileType = sourcecode.c.h; path = JSONModelLib.h; sourceTree = "<group>"; };
		D4C425CB187747C50030EF00 /* JSONAPI.h */ = {isa = PBXFileReference; fileEncoding = 4; lastKnownFileType = sourcecode.c.h; path = JSONAPI.h; sourceTree = "<group>"; };
		D4C425CC187747C50030EF00 /* JSONAPI.m */ = {isa = PBXFileReference; fileEncoding = 4; lastKnownFileType = sourcecode.c.objc; path = JSONAPI.m; sourceTree = "<group>"; };
		D4C425CD187747C50030EF00 /* JSONHTTPClient.h */ = {isa = PBXFileReference; fileEncoding = 4; lastKnownFileType = sourcecode.c.h; path = JSONHTTPClient.h; sourceTree = "<group>"; };
		D4C425CE187747C50030EF00 /* JSONHTTPClient.m */ = {isa = PBXFileReference; fileEncoding = 4; lastKnownFileType = sourcecode.c.objc; path = JSONHTTPClient.m; sourceTree = "<group>"; };
		D4C425CF187747C50030EF00 /* JSONModel+networking.h */ = {isa = PBXFileReference; fileEncoding = 4; lastKnownFileType = sourcecode.c.h; path = "JSONModel+networking.h"; sourceTree = "<group>"; };
		D4C425D0187747C50030EF00 /* JSONModel+networking.m */ = {isa = PBXFileReference; fileEncoding = 4; lastKnownFileType = sourcecode.c.objc; path = "JSONModel+networking.m"; sourceTree = "<group>"; };
		D4C425D2187747C50030EF00 /* JSONKeyMapper.h */ = {isa = PBXFileReference; fileEncoding = 4; lastKnownFileType = sourcecode.c.h; path = JSONKeyMapper.h; sourceTree = "<group>"; };
		D4C425D3187747C50030EF00 /* JSONKeyMapper.m */ = {isa = PBXFileReference; fileEncoding = 4; lastKnownFileType = sourcecode.c.objc; path = JSONKeyMapper.m; sourceTree = "<group>"; };
		D4C425D4187747C50030EF00 /* JSONValueTransformer.h */ = {isa = PBXFileReference; fileEncoding = 4; lastKnownFileType = sourcecode.c.h; path = JSONValueTransformer.h; sourceTree = "<group>"; };
		D4C425D5187747C50030EF00 /* JSONValueTransformer.m */ = {isa = PBXFileReference; fileEncoding = 4; lastKnownFileType = sourcecode.c.objc; path = JSONValueTransformer.m; sourceTree = "<group>"; };
		D4C425E0187748B10030EF00 /* SystemConfiguration.framework */ = {isa = PBXFileReference; lastKnownFileType = wrapper.framework; name = SystemConfiguration.framework; path = System/Library/Frameworks/SystemConfiguration.framework; sourceTree = SDKROOT; };
		D4C425ED18775FD20030EF00 /* AvaTax-Calc-SDK-GHUnitTests.app */ = {isa = PBXFileReference; explicitFileType = wrapper.application; includeInIndex = 0; path = "AvaTax-Calc-SDK-GHUnitTests.app"; sourceTree = BUILT_PRODUCTS_DIR; };
		D4C425F318775FD20030EF00 /* AvaTax-Calc-SDK-GHUnitTests-Info.plist */ = {isa = PBXFileReference; lastKnownFileType = text.plist.xml; path = "AvaTax-Calc-SDK-GHUnitTests-Info.plist"; sourceTree = "<group>"; };
		D4C425F518775FD20030EF00 /* en */ = {isa = PBXFileReference; lastKnownFileType = text.plist.strings; name = en; path = en.lproj/InfoPlist.strings; sourceTree = "<group>"; };
		D4C425F718775FD20030EF00 /* main.m */ = {isa = PBXFileReference; lastKnownFileType = sourcecode.c.objc; path = main.m; sourceTree = "<group>"; };
		D4C425F918775FD20030EF00 /* AvaTax-Calc-SDK-GHUnitTests-Prefix.pch */ = {isa = PBXFileReference; lastKnownFileType = sourcecode.c.h; path = "AvaTax-Calc-SDK-GHUnitTests-Prefix.pch"; sourceTree = "<group>"; };
		D4C42618187760980030EF00 /* QuartzCore.framework */ = {isa = PBXFileReference; lastKnownFileType = wrapper.framework; name = QuartzCore.framework; path = System/Library/Frameworks/QuartzCore.framework; sourceTree = SDKROOT; };
		D4C4261D187771FF0030EF00 /* JSONModelTests.h */ = {isa = PBXFileReference; fileEncoding = 4; lastKnownFileType = sourcecode.c.h; path = JSONModelTests.h; sourceTree = "<group>"; };
		D4C4261E187771FF0030EF00 /* JSONModelTests.m */ = {isa = PBXFileReference; fileEncoding = 4; lastKnownFileType = sourcecode.c.objc; path = JSONModelTests.m; sourceTree = "<group>"; };
		D4C42620187E05CA0030EF00 /* AvaTaxGetTaxResponse.h */ = {isa = PBXFileReference; fileEncoding = 4; lastKnownFileType = sourcecode.c.h; path = AvaTaxGetTaxResponse.h; sourceTree = "<group>"; };
		D4C42621187E05CA0030EF00 /* AvaTaxGetTaxResponse.m */ = {isa = PBXFileReference; fileEncoding = 4; lastKnownFileType = sourcecode.c.objc; path = AvaTaxGetTaxResponse.m; sourceTree = "<group>"; };
/* End PBXFileReference section */

/* Begin PBXFrameworksBuildPhase section */
		D4982727185FA78100807C24 /* Frameworks */ = {
			isa = PBXFrameworksBuildPhase;
			buildActionMask = 2147483647;
			files = (
				D49827A918623AAA00807C24 /* libAvaTax-Calc-SDK.a in Frameworks */,
				D4982730185FA78100807C24 /* CoreGraphics.framework in Frameworks */,
				D4982732185FA78100807C24 /* UIKit.framework in Frameworks */,
				D498272E185FA78100807C24 /* Foundation.framework in Frameworks */,
			);
			runOnlyForDeploymentPostprocessing = 0;
		};
		D498275E185FC07A00807C24 /* Frameworks */ = {
			isa = PBXFrameworksBuildPhase;
			buildActionMask = 2147483647;
			files = (
				D4C425E2187748B80030EF00 /* SystemConfiguration.framework in Frameworks */,
				D4982762185FC07A00807C24 /* Foundation.framework in Frameworks */,
			);
			runOnlyForDeploymentPostprocessing = 0;
		};
		D4C425EA18775FD20030EF00 /* Frameworks */ = {
			isa = PBXFrameworksBuildPhase;
			buildActionMask = 2147483647;
			files = (
				D4C4261A187760A30030EF00 /* GHUnitIOS.framework in Frameworks */,
				D4C42619187760980030EF00 /* QuartzCore.framework in Frameworks */,
				D4C426171877607D0030EF00 /* libAvaTax-Calc-SDK.a in Frameworks */,
				D4C425EF18775FD20030EF00 /* CoreGraphics.framework in Frameworks */,
				D4C425F018775FD20030EF00 /* UIKit.framework in Frameworks */,
				D4C425EE18775FD20030EF00 /* Foundation.framework in Frameworks */,
			);
			runOnlyForDeploymentPostprocessing = 0;
		};
/* End PBXFrameworksBuildPhase section */

/* Begin PBXGroup section */
		D4982721185FA78100807C24 = {
			isa = PBXGroup;
			children = (
				D4C425BC187747C50030EF00 /* JSONModel */,
				D4982733185FA78100807C24 /* AvaTax-Calc */,
				D4982763185FC07A00807C24 /* AvaTax-Calc-SDK */,
				D4C425F118775FD20030EF00 /* AvaTax-Calc-SDK-GHUnitTests */,
				D498272C185FA78100807C24 /* Frameworks */,
				D498272B185FA78100807C24 /* Products */,
			);
			sourceTree = "<group>";
		};
		D498272B185FA78100807C24 /* Products */ = {
			isa = PBXGroup;
			children = (
				D498272A185FA78100807C24 /* AvaTax-Calc.app */,
				D4982761185FC07A00807C24 /* libAvaTax-Calc-SDK.a */,
				D4C425ED18775FD20030EF00 /* AvaTax-Calc-SDK-GHUnitTests.app */,
			);
			name = Products;
			sourceTree = "<group>";
		};
		D498272C185FA78100807C24 /* Frameworks */ = {
			isa = PBXGroup;
			children = (
				D4C42618187760980030EF00 /* QuartzCore.framework */,
				D4C425E0187748B10030EF00 /* SystemConfiguration.framework */,
				D49827AB18626B6F00807C24 /* GHUnitIOS.framework */,
				D498272D185FA78100807C24 /* Foundation.framework */,
				D498272F185FA78100807C24 /* CoreGraphics.framework */,
				D4982731185FA78100807C24 /* UIKit.framework */,
				D4982746185FA78100807C24 /* XCTest.framework */,
			);
			name = Frameworks;
			sourceTree = "<group>";
		};
		D4982733185FA78100807C24 /* AvaTax-Calc */ = {
			isa = PBXGroup;
			children = (
				D498273C185FA78100807C24 /* AppDelegate.h */,
				D498273D185FA78100807C24 /* AppDelegate.m */,
				D498273F185FA78100807C24 /* Images.xcassets */,
				D4982734185FA78100807C24 /* Supporting Files */,
				D4982783185FC11500807C24 /* SampleGetTaxCall.h */,
				D4982784185FC11500807C24 /* SampleGetTaxCall.m */,
				D4337FCA18B58E7E004B19BB /* TestUserCredentials.h */,
				D4337FCB18B58E7F004B19BB /* TestUserCredentials.m */,
			);
			path = "AvaTax-Calc";
			sourceTree = "<group>";
		};
		D4982734185FA78100807C24 /* Supporting Files */ = {
			isa = PBXGroup;
			children = (
				D4982735185FA78100807C24 /* AvaTax-Calc-Info.plist */,
				D4982736185FA78100807C24 /* InfoPlist.strings */,
				D4982739185FA78100807C24 /* main.m */,
				D498273B185FA78100807C24 /* AvaTax-Calc-Prefix.pch */,
			);
			name = "Supporting Files";
			sourceTree = "<group>";
		};
		D4982763185FC07A00807C24 /* AvaTax-Calc-SDK */ = {
			isa = PBXGroup;
			children = (
				D4982764185FC07A00807C24 /* Supporting Files */,
				D4337FD418BFCF33004B19BB /* AvaTaxHeaders.h */,
				D49827A118622F8B00807C24 /* AvaTaxCalc.h */,
				D49827A218622F8B00807C24 /* AvaTaxCalc.m */,
				D498279E185FC65900807C24 /* RBTBase64.h */,
				D498279F185FC65900807C24 /* RBTBase64.m */,
				D49827A61862333500807C24 /* AvaTaxWebCall.h */,
				D49827A71862333500807C24 /* AvaTaxWebCall.m */,
				D4337F9718889C74004B19BB /* AvaTaxResponse.h */,
				D4337F9818889C74004B19BB /* AvaTaxResponse.m */,
				D4865FF318887DDC005F9F6C /* AvaTaxAddress.h */,
				D4865FF418887DDC005F9F6C /* AvaTaxAddress.m */,
				D4337F9A18889DEE004B19BB /* AvaTaxValidateAddressResponse.h */,
				D4337F9B18889DEE004B19BB /* AvaTaxValidateAddressResponse.m */,
				D4337F9D1888AE58004B19BB /* AvaTaxValidatedAddress.h */,
				D4337F9E1888AE58004B19BB /* AvaTaxValidatedAddress.m */,
				D4337FAC18A1C9CE004B19BB /* AvaTaxEstimateTaxResponse.h */,
				D4337FAD18A1C9CE004B19BB /* AvaTaxEstimateTaxResponse.m */,
				D4C425B91877475A0030EF00 /* AvaTaxGetTaxRequest.h */,
				D4C425BA1877475A0030EF00 /* AvaTaxGetTaxRequest.m */,
				D4C42620187E05CA0030EF00 /* AvaTaxGetTaxResponse.h */,
				D4C42621187E05CA0030EF00 /* AvaTaxGetTaxResponse.m */,
				D4337FA01897333A004B19BB /* AvaTaxCancelTaxRequest.h */,
				D4337FA11897333A004B19BB /* AvaTaxCancelTaxRequest.m */,
				D4337FA3189842C8004B19BB /* AvaTaxCancelTaxResponse.h */,
				D4337FA4189842C8004B19BB /* AvaTaxCancelTaxResponse.m */,
				D4337FA618A18B06004B19BB /* AvaTaxTaxSummaryRequest.h */,
				D4337FA718A18B06004B19BB /* AvaTaxTaxSummaryRequest.m */,
				D4337FA918A18BC6004B19BB /* AvaTaxTaxSummaryResponse.h */,
				D4337FAA18A18BC6004B19BB /* AvaTaxTaxSummaryResponse.m */,
				D4337FCE18BFB74B004B19BB /* AvaTaxUtil.h */,
				D4337FCF18BFB74B004B19BB /* AvaTaxUtil.m */,
			);
			path = "AvaTax-Calc-SDK";
			sourceTree = "<group>";
		};
		D4982764185FC07A00807C24 /* Supporting Files */ = {
			isa = PBXGroup;
			children = (
				D4982765185FC07A00807C24 /* AvaTax-Calc-SDK-Prefix.pch */,
			);
			name = "Supporting Files";
			sourceTree = "<group>";
		};
		D4C425BC187747C50030EF00 /* JSONModel */ = {
			isa = PBXGroup;
			children = (
				D4C425BD187747C50030EF00 /* JSONModel */,
				D4C425C6187747C50030EF00 /* JSONModelCategories */,
				D4C425C9187747C50030EF00 /* JSONModelLib.h */,
				D4C425CA187747C50030EF00 /* JSONModelNetworking */,
				D4C425D1187747C50030EF00 /* JSONModelTransformations */,
			);
			name = JSONModel;
			path = ../third_party/JSONModel;
			sourceTree = "<group>";
		};
		D4C425BD187747C50030EF00 /* JSONModel */ = {
			isa = PBXGroup;
			children = (
				D4C425BE187747C50030EF00 /* JSONModel.h */,
				D4C425BF187747C50030EF00 /* JSONModel.m */,
				D4C425C0187747C50030EF00 /* JSONModelArray.h */,
				D4C425C1187747C50030EF00 /* JSONModelArray.m */,
				D4C425C2187747C50030EF00 /* JSONModelClassProperty.h */,
				D4C425C3187747C50030EF00 /* JSONModelClassProperty.m */,
				D4C425C4187747C50030EF00 /* JSONModelError.h */,
				D4C425C5187747C50030EF00 /* JSONModelError.m */,
			);
			path = JSONModel;
			sourceTree = "<group>";
		};
		D4C425C6187747C50030EF00 /* JSONModelCategories */ = {
			isa = PBXGroup;
			children = (
				D4C425C7187747C50030EF00 /* NSArray+JSONModel.h */,
				D4C425C8187747C50030EF00 /* NSArray+JSONModel.m */,
			);
			path = JSONModelCategories;
			sourceTree = "<group>";
		};
		D4C425CA187747C50030EF00 /* JSONModelNetworking */ = {
			isa = PBXGroup;
			children = (
				D4C425CB187747C50030EF00 /* JSONAPI.h */,
				D4C425CC187747C50030EF00 /* JSONAPI.m */,
				D4C425CD187747C50030EF00 /* JSONHTTPClient.h */,
				D4C425CE187747C50030EF00 /* JSONHTTPClient.m */,
				D4C425CF187747C50030EF00 /* JSONModel+networking.h */,
				D4C425D0187747C50030EF00 /* JSONModel+networking.m */,
			);
			path = JSONModelNetworking;
			sourceTree = "<group>";
		};
		D4C425D1187747C50030EF00 /* JSONModelTransformations */ = {
			isa = PBXGroup;
			children = (
				D4C425D2187747C50030EF00 /* JSONKeyMapper.h */,
				D4C425D3187747C50030EF00 /* JSONKeyMapper.m */,
				D4C425D4187747C50030EF00 /* JSONValueTransformer.h */,
				D4C425D5187747C50030EF00 /* JSONValueTransformer.m */,
			);
			path = JSONModelTransformations;
			sourceTree = "<group>";
		};
		D4C425F118775FD20030EF00 /* AvaTax-Calc-SDK-GHUnitTests */ = {
			isa = PBXGroup;
			children = (
				D4C4261D187771FF0030EF00 /* JSONModelTests.h */,
				D4C4261E187771FF0030EF00 /* JSONModelTests.m */,
				D4C425F218775FD20030EF00 /* Supporting Files */,
				D4337FC718B58B4C004B19BB /* AddressValidationTests.h */,
				D4337FC818B58B4C004B19BB /* AddressValidationTests.m */,
				D4337FD118BFCE9D004B19BB /* EstimateTaxTests.h */,
				D4337FD218BFCE9D004B19BB /* EstimateTaxTests.m */,
				D4337FD618C01FF1004B19BB /* CancelTaxTests.h */,
				D4337FD718C01FF1004B19BB /* CancelTaxTests.m */,
			);
			path = "AvaTax-Calc-SDK-GHUnitTests";
			sourceTree = "<group>";
		};
		D4C425F218775FD20030EF00 /* Supporting Files */ = {
			isa = PBXGroup;
			children = (
				D4C425F318775FD20030EF00 /* AvaTax-Calc-SDK-GHUnitTests-Info.plist */,
				D4C425F418775FD20030EF00 /* InfoPlist.strings */,
				D4C425F718775FD20030EF00 /* main.m */,
				D4C425F918775FD20030EF00 /* AvaTax-Calc-SDK-GHUnitTests-Prefix.pch */,
			);
			name = "Supporting Files";
			sourceTree = "<group>";
		};
/* End PBXGroup section */

/* Begin PBXNativeTarget section */
		D4982729185FA78100807C24 /* AvaTax-Calc */ = {
			isa = PBXNativeTarget;
			buildConfigurationList = D4982756185FA78100807C24 /* Build configuration list for PBXNativeTarget "AvaTax-Calc" */;
			buildPhases = (
				D4982726185FA78100807C24 /* Sources */,
				D4982727185FA78100807C24 /* Frameworks */,
				D4982728185FA78100807C24 /* Resources */,
			);
			buildRules = (
			);
			dependencies = (
			);
			name = "AvaTax-Calc";
			productName = "AvaTax-Calc";
			productReference = D498272A185FA78100807C24 /* AvaTax-Calc.app */;
			productType = "com.apple.product-type.application";
		};
		D4982760185FC07A00807C24 /* AvaTax-Calc-SDK */ = {
			isa = PBXNativeTarget;
			buildConfigurationList = D498277D185FC07A00807C24 /* Build configuration list for PBXNativeTarget "AvaTax-Calc-SDK" */;
			buildPhases = (
				D498275D185FC07A00807C24 /* Sources */,
				D498275E185FC07A00807C24 /* Frameworks */,
				D498275F185FC07A00807C24 /* CopyFiles */,
			);
			buildRules = (
			);
			dependencies = (
			);
			name = "AvaTax-Calc-SDK";
			productName = "AvaTax-Calc-SDK";
			productReference = D4982761185FC07A00807C24 /* libAvaTax-Calc-SDK.a */;
			productType = "com.apple.product-type.library.static";
		};
		D4C425EC18775FD20030EF00 /* AvaTax-Calc-SDK-GHUnitTests */ = {
			isa = PBXNativeTarget;
			buildConfigurationList = D4C4261118775FD30030EF00 /* Build configuration list for PBXNativeTarget "AvaTax-Calc-SDK-GHUnitTests" */;
			buildPhases = (
				D4C425E918775FD20030EF00 /* Sources */,
				D4C425EA18775FD20030EF00 /* Frameworks */,
				D4C425EB18775FD20030EF00 /* Resources */,
			);
			buildRules = (
			);
			dependencies = (
			);
			name = "AvaTax-Calc-SDK-GHUnitTests";
			productName = "AvaTax-Calc-SDK-GHUnitTests";
			productReference = D4C425ED18775FD20030EF00 /* AvaTax-Calc-SDK-GHUnitTests.app */;
			productType = "com.apple.product-type.application";
		};
/* End PBXNativeTarget section */

/* Begin PBXProject section */
		D4982722185FA78100807C24 /* Project object */ = {
			isa = PBXProject;
			attributes = {
				LastUpgradeCheck = 0500;
				ORGANIZATIONNAME = Avalara;
			};
			buildConfigurationList = D4982725185FA78100807C24 /* Build configuration list for PBXProject "AvaTax-Calc" */;
			compatibilityVersion = "Xcode 3.2";
			developmentRegion = English;
			hasScannedForEncodings = 0;
			knownRegions = (
				en,
			);
			mainGroup = D4982721185FA78100807C24;
			productRefGroup = D498272B185FA78100807C24 /* Products */;
			projectDirPath = "";
			projectRoot = "";
			targets = (
				D4982729185FA78100807C24 /* AvaTax-Calc */,
				D4982760185FC07A00807C24 /* AvaTax-Calc-SDK */,
				D4C425EC18775FD20030EF00 /* AvaTax-Calc-SDK-GHUnitTests */,
			);
		};
/* End PBXProject section */

/* Begin PBXResourcesBuildPhase section */
		D4982728185FA78100807C24 /* Resources */ = {
			isa = PBXResourcesBuildPhase;
			buildActionMask = 2147483647;
			files = (
				D4982738185FA78100807C24 /* InfoPlist.strings in Resources */,
				D4982740185FA78100807C24 /* Images.xcassets in Resources */,
			);
			runOnlyForDeploymentPostprocessing = 0;
		};
		D4C425EB18775FD20030EF00 /* Resources */ = {
			isa = PBXResourcesBuildPhase;
			buildActionMask = 2147483647;
			files = (
				D4C425F618775FD20030EF00 /* InfoPlist.strings in Resources */,
			);
			runOnlyForDeploymentPostprocessing = 0;
		};
/* End PBXResourcesBuildPhase section */

/* Begin PBXSourcesBuildPhase section */
		D4982726185FA78100807C24 /* Sources */ = {
			isa = PBXSourcesBuildPhase;
			buildActionMask = 2147483647;
			files = (
				D498273E185FA78100807C24 /* AppDelegate.m in Sources */,
				D4337FCC18B58E7F004B19BB /* TestUserCredentials.m in Sources */,
				D4982785185FC11500807C24 /* SampleGetTaxCall.m in Sources */,
				D498273A185FA78100807C24 /* main.m in Sources */,
			);
			runOnlyForDeploymentPostprocessing = 0;
		};
		D498275D185FC07A00807C24 /* Sources */ = {
			isa = PBXSourcesBuildPhase;
			buildActionMask = 2147483647;
			files = (
				D4C425D9187747C50030EF00 /* JSONModelError.m in Sources */,
				D4C425DA187747C50030EF00 /* NSArray+JSONModel.m in Sources */,
				D4C425D8187747C50030EF00 /* JSONModelClassProperty.m in Sources */,
				D4337F9918889C74004B19BB /* AvaTaxResponse.m in Sources */,
				D4337F9F1888AE58004B19BB /* AvaTaxValidatedAddress.m in Sources */,
				D49827AA18623AC100807C24 /* RBTBase64.m in Sources */,
				D4C425DE187747C50030EF00 /* JSONKeyMapper.m in Sources */,
				D4C4261C1877699E0030EF00 /* AvaTaxWebCall.m in Sources */,
				D4337FD018BFB74B004B19BB /* AvaTaxUtil.m in Sources */,
				D4C425BB1877475A0030EF00 /* AvaTaxGetTaxRequest.m in Sources */,
				D4C425D7187747C50030EF00 /* JSONModelArray.m in Sources */,
				D4C42622187E05CA0030EF00 /* AvaTaxGetTaxResponse.m in Sources */,
				D4C425DD187747C50030EF00 /* JSONModel+networking.m in Sources */,
				D4337F9C18889DEE004B19BB /* AvaTaxValidateAddressResponse.m in Sources */,
				D4865FF518887DDC005F9F6C /* AvaTaxAddress.m in Sources */,
				D4337FA21897333A004B19BB /* AvaTaxCancelTaxRequest.m in Sources */,
				D49827A418622F8F00807C24 /* AvaTaxCalc.m in Sources */,
				D4337FA818A18B06004B19BB /* AvaTaxTaxSummaryRequest.m in Sources */,
				D4337FAB18A18BC6004B19BB /* AvaTaxTaxSummaryResponse.m in Sources */,
				D4C425DB187747C50030EF00 /* JSONAPI.m in Sources */,
				D4337FAE18A1C9CE004B19BB /* AvaTaxEstimateTaxResponse.m in Sources */,
				D4C425DF187747C50030EF00 /* JSONValueTransformer.m in Sources */,
				D4337FA5189842C8004B19BB /* AvaTaxCancelTaxResponse.m in Sources */,
				D4C425DC187747C50030EF00 /* JSONHTTPClient.m in Sources */,
				D4C425D6187747C50030EF00 /* JSONModel.m in Sources */,
			);
			runOnlyForDeploymentPostprocessing = 0;
		};
		D4C425E918775FD20030EF00 /* Sources */ = {
			isa = PBXSourcesBuildPhase;
			buildActionMask = 2147483647;
			files = (
				D4337FD518BFD0FB004B19BB /* EstimateTaxTests.m in Sources */,
				D4337FC918B58B4C004B19BB /* AddressValidationTests.m in Sources */,
				D4337FCD18B58E7F004B19BB /* TestUserCredentials.m in Sources */,
				D4C425F818775FD20030EF00 /* main.m in Sources */,
				D4C4261F187771FF0030EF00 /* JSONModelTests.m in Sources */,
				D4337FD818C01FF1004B19BB /* CancelTaxTests.m in Sources */,
			);
			runOnlyForDeploymentPostprocessing = 0;
		};
/* End PBXSourcesBuildPhase section */

/* Begin PBXVariantGroup section */
		D4982736185FA78100807C24 /* InfoPlist.strings */ = {
			isa = PBXVariantGroup;
			children = (
				D4982737185FA78100807C24 /* en */,
			);
			name = InfoPlist.strings;
			sourceTree = "<group>";
		};
		D4C425F418775FD20030EF00 /* InfoPlist.strings */ = {
			isa = PBXVariantGroup;
			children = (
				D4C425F518775FD20030EF00 /* en */,
			);
			name = InfoPlist.strings;
			sourceTree = "<group>";
		};
/* End PBXVariantGroup section */

/* Begin XCBuildConfiguration section */
		D4982754185FA78100807C24 /* Debug */ = {
			isa = XCBuildConfiguration;
			buildSettings = {
				ALWAYS_SEARCH_USER_PATHS = NO;
				ARCHS = "$(ARCHS_STANDARD_INCLUDING_64_BIT)";
				CLANG_CXX_LANGUAGE_STANDARD = "gnu++0x";
				CLANG_CXX_LIBRARY = "libc++";
				CLANG_ENABLE_MODULES = YES;
				CLANG_ENABLE_OBJC_ARC = YES;
				CLANG_WARN_BOOL_CONVERSION = YES;
				CLANG_WARN_CONSTANT_CONVERSION = YES;
				CLANG_WARN_DIRECT_OBJC_ISA_USAGE = YES_ERROR;
				CLANG_WARN_EMPTY_BODY = YES;
				CLANG_WARN_ENUM_CONVERSION = YES;
				CLANG_WARN_INT_CONVERSION = YES;
				CLANG_WARN_OBJC_ROOT_CLASS = YES_ERROR;
				CLANG_WARN__DUPLICATE_METHOD_MATCH = YES;
				"CODE_SIGN_IDENTITY[sdk=iphoneos*]" = "iPhone Developer";
				COPY_PHASE_STRIP = NO;
				GCC_C_LANGUAGE_STANDARD = gnu99;
				GCC_DYNAMIC_NO_PIC = NO;
				GCC_OPTIMIZATION_LEVEL = 0;
				GCC_PREPROCESSOR_DEFINITIONS = (
					"DEBUG=1",
					"$(inherited)",
				);
				GCC_SYMBOLS_PRIVATE_EXTERN = NO;
				GCC_WARN_64_TO_32_BIT_CONVERSION = YES;
				GCC_WARN_ABOUT_RETURN_TYPE = YES_ERROR;
				GCC_WARN_UNDECLARED_SELECTOR = YES;
				GCC_WARN_UNINITIALIZED_AUTOS = YES;
				GCC_WARN_UNUSED_FUNCTION = YES;
				GCC_WARN_UNUSED_VARIABLE = YES;
				IPHONEOS_DEPLOYMENT_TARGET = 7.0;
				ONLY_ACTIVE_ARCH = YES;
				SDKROOT = iphoneos;
				TARGETED_DEVICE_FAMILY = "1,2";
			};
			name = Debug;
		};
		D4982755185FA78100807C24 /* Release */ = {
			isa = XCBuildConfiguration;
			buildSettings = {
				ALWAYS_SEARCH_USER_PATHS = NO;
				ARCHS = "$(ARCHS_STANDARD_INCLUDING_64_BIT)";
				CLANG_CXX_LANGUAGE_STANDARD = "gnu++0x";
				CLANG_CXX_LIBRARY = "libc++";
				CLANG_ENABLE_MODULES = YES;
				CLANG_ENABLE_OBJC_ARC = YES;
				CLANG_WARN_BOOL_CONVERSION = YES;
				CLANG_WARN_CONSTANT_CONVERSION = YES;
				CLANG_WARN_DIRECT_OBJC_ISA_USAGE = YES_ERROR;
				CLANG_WARN_EMPTY_BODY = YES;
				CLANG_WARN_ENUM_CONVERSION = YES;
				CLANG_WARN_INT_CONVERSION = YES;
				CLANG_WARN_OBJC_ROOT_CLASS = YES_ERROR;
				CLANG_WARN__DUPLICATE_METHOD_MATCH = YES;
				"CODE_SIGN_IDENTITY[sdk=iphoneos*]" = "iPhone Developer";
				COPY_PHASE_STRIP = YES;
				ENABLE_NS_ASSERTIONS = NO;
				GCC_C_LANGUAGE_STANDARD = gnu99;
				GCC_WARN_64_TO_32_BIT_CONVERSION = YES;
				GCC_WARN_ABOUT_RETURN_TYPE = YES_ERROR;
				GCC_WARN_UNDECLARED_SELECTOR = YES;
				GCC_WARN_UNINITIALIZED_AUTOS = YES;
				GCC_WARN_UNUSED_FUNCTION = YES;
				GCC_WARN_UNUSED_VARIABLE = YES;
				IPHONEOS_DEPLOYMENT_TARGET = 7.0;
				SDKROOT = iphoneos;
				TARGETED_DEVICE_FAMILY = "1,2";
				VALIDATE_PRODUCT = YES;
			};
			name = Release;
		};
		D4982757185FA78100807C24 /* Debug */ = {
			isa = XCBuildConfiguration;
			buildSettings = {
				ASSETCATALOG_COMPILER_APPICON_NAME = AppIcon;
				ASSETCATALOG_COMPILER_LAUNCHIMAGE_NAME = LaunchImage;
				GCC_PRECOMPILE_PREFIX_HEADER = YES;
				GCC_PREFIX_HEADER = "AvaTax-Calc/AvaTax-Calc-Prefix.pch";
				INFOPLIST_FILE = "AvaTax-Calc/AvaTax-Calc-Info.plist";
				IPHONEOS_DEPLOYMENT_TARGET = 7.0;
				PRODUCT_NAME = "$(TARGET_NAME)";
				WRAPPER_EXTENSION = app;
			};
			name = Debug;
		};
		D4982758185FA78100807C24 /* Release */ = {
			isa = XCBuildConfiguration;
			buildSettings = {
				ASSETCATALOG_COMPILER_APPICON_NAME = AppIcon;
				ASSETCATALOG_COMPILER_LAUNCHIMAGE_NAME = LaunchImage;
				GCC_PRECOMPILE_PREFIX_HEADER = YES;
				GCC_PREFIX_HEADER = "AvaTax-Calc/AvaTax-Calc-Prefix.pch";
				INFOPLIST_FILE = "AvaTax-Calc/AvaTax-Calc-Info.plist";
				IPHONEOS_DEPLOYMENT_TARGET = 7.0;
				PRODUCT_NAME = "$(TARGET_NAME)";
				WRAPPER_EXTENSION = app;
			};
			name = Release;
		};
		D498277E185FC07A00807C24 /* Debug */ = {
			isa = XCBuildConfiguration;
			buildSettings = {
				ARCHS = "$(ARCHS_STANDARD_INCLUDING_64_BIT)";
				DSTROOT = /tmp/AvaTax_Calc_SDK.dst;
				GCC_PRECOMPILE_PREFIX_HEADER = YES;
				GCC_PREFIX_HEADER = "AvaTax-Calc-SDK/AvaTax-Calc-SDK-Prefix.pch";
				GCC_PREPROCESSOR_DEFINITIONS = (
					"DEBUG=1",
					"$(inherited)",
				);
				OTHER_LDFLAGS = "-ObjC";
				PRODUCT_NAME = "$(TARGET_NAME)";
				SKIP_INSTALL = YES;
			};
			name = Debug;
		};
		D498277F185FC07A00807C24 /* Release */ = {
			isa = XCBuildConfiguration;
			buildSettings = {
				ARCHS = "$(ARCHS_STANDARD_INCLUDING_64_BIT)";
				DSTROOT = /tmp/AvaTax_Calc_SDK.dst;
				GCC_PRECOMPILE_PREFIX_HEADER = YES;
				GCC_PREFIX_HEADER = "AvaTax-Calc-SDK/AvaTax-Calc-SDK-Prefix.pch";
				OTHER_LDFLAGS = "-ObjC";
				PRODUCT_NAME = "$(TARGET_NAME)";
				SKIP_INSTALL = YES;
			};
			name = Release;
		};
		D4C4261218775FD30030EF00 /* Debug */ = {
			isa = XCBuildConfiguration;
			buildSettings = {
				ARCHS = "$(ARCHS_STANDARD_INCLUDING_64_BIT)";
				ASSETCATALOG_COMPILER_APPICON_NAME = AppIcon;
				ASSETCATALOG_COMPILER_LAUNCHIMAGE_NAME = LaunchImage;
				FRAMEWORK_SEARCH_PATHS = (
					"$(inherited)",
					"/Users/rob/code/AvaTax-Calc-SDK-iOS/third_party/gh-unit-framework",
				);
				GCC_PRECOMPILE_PREFIX_HEADER = YES;
				GCC_PREFIX_HEADER = "AvaTax-Calc-SDK-GHUnitTests/AvaTax-Calc-SDK-GHUnitTests-Prefix.pch";
				GCC_PREPROCESSOR_DEFINITIONS = (
					"DEBUG=1",
					"$(inherited)",
				);
				INFOPLIST_FILE = "AvaTax-Calc-SDK-GHUnitTests/AvaTax-Calc-SDK-GHUnitTests-Info.plist";
				OTHER_LDFLAGS = "-ObjC";
				PRODUCT_NAME = "$(TARGET_NAME)";
				WRAPPER_EXTENSION = app;
			};
			name = Debug;
		};
		D4C4261318775FD30030EF00 /* Release */ = {
			isa = XCBuildConfiguration;
			buildSettings = {
				ARCHS = "$(ARCHS_STANDARD_INCLUDING_64_BIT)";
				ASSETCATALOG_COMPILER_APPICON_NAME = AppIcon;
				ASSETCATALOG_COMPILER_LAUNCHIMAGE_NAME = LaunchImage;
				FRAMEWORK_SEARCH_PATHS = (
					"$(inherited)",
					"/Users/rob/code/AvaTax-Calc-SDK-iOS/third_party/gh-unit-framework",
				);
				GCC_PRECOMPILE_PREFIX_HEADER = YES;
				GCC_PREFIX_HEADER = "AvaTax-Calc-SDK-GHUnitTests/AvaTax-Calc-SDK-GHUnitTests-Prefix.pch";
				INFOPLIST_FILE = "AvaTax-Calc-SDK-GHUnitTests/AvaTax-Calc-SDK-GHUnitTests-Info.plist";
				OTHER_LDFLAGS = "-ObjC";
				PRODUCT_NAME = "$(TARGET_NAME)";
				WRAPPER_EXTENSION = app;
			};
			name = Release;
		};
/* End XCBuildConfiguration section */

/* Begin XCConfigurationList section */
		D4982725185FA78100807C24 /* Build configuration list for PBXProject "AvaTax-Calc" */ = {
			isa = XCConfigurationList;
			buildConfigurations = (
				D4982754185FA78100807C24 /* Debug */,
				D4982755185FA78100807C24 /* Release */,
			);
			defaultConfigurationIsVisible = 0;
			defaultConfigurationName = Release;
		};
		D4982756185FA78100807C24 /* Build configuration list for PBXNativeTarget "AvaTax-Calc" */ = {
			isa = XCConfigurationList;
			buildConfigurations = (
				D4982757185FA78100807C24 /* Debug */,
				D4982758185FA78100807C24 /* Release */,
			);
			defaultConfigurationIsVisible = 0;
			defaultConfigurationName = Release;
		};
		D498277D185FC07A00807C24 /* Build configuration list for PBXNativeTarget "AvaTax-Calc-SDK" */ = {
			isa = XCConfigurationList;
			buildConfigurations = (
				D498277E185FC07A00807C24 /* Debug */,
				D498277F185FC07A00807C24 /* Release */,
			);
			defaultConfigurationIsVisible = 0;
			defaultConfigurationName = Release;
		};
		D4C4261118775FD30030EF00 /* Build configuration list for PBXNativeTarget "AvaTax-Calc-SDK-GHUnitTests" */ = {
			isa = XCConfigurationList;
			buildConfigurations = (
				D4C4261218775FD30030EF00 /* Debug */,
				D4C4261318775FD30030EF00 /* Release */,
			);
			defaultConfigurationIsVisible = 0;
			defaultConfigurationName = Release;
		};
/* End XCConfigurationList section */
	};
	rootObject = D4982722185FA78100807C24 /* Project object */;
}
